// !$*UTF8*$!
{
	archiveVersion = 1;
	classes = {
	};
	objectVersion = 45;
	objects = {

/* Begin PBXBuildFile section */
		B46CBCB010A45B8C00CDE29F /* TJNP.framework in Frameworks */ = {isa = PBXBuildFile; fileRef = B46CBCA610A45B6700CDE29F /* TJNP.framework */; };
		B46CBCB110A45B8C00CDE29F /* TJShared.framework in Frameworks */ = {isa = PBXBuildFile; fileRef = B46CBCA910A45B6700CDE29F /* TJShared.framework */; };
		B46CBCBF10A45C2800CDE29F /* uspmain.cpp in Sources */ = {isa = PBXBuildFile; fileRef = B46CBCBE10A45C2800CDE29F /* uspmain.cpp */; };
		B46CBD3C10A4684500CDE29F /* TJScout.framework in Frameworks */ = {isa = PBXBuildFile; fileRef = B46CBD3B10A4683F00CDE29F /* TJScout.framework */; };
		B46CBD5B10A46A5900CDE29F /* usp3.cpp in Sources */ = {isa = PBXBuildFile; fileRef = B46CBD5910A46A5900CDE29F /* usp3.cpp */; };
		B4CAAA8610AD68DF00385A5F /* EP.framework in Frameworks */ = {isa = PBXBuildFile; fileRef = B4CAAA8510AD68DB00385A5F /* EP.framework */; };
/* End PBXBuildFile section */

/* Begin PBXContainerItemProxy section */
		B46CBCA510A45B6700CDE29F /* PBXContainerItemProxy */ = {
			isa = PBXContainerItemProxy;
			containerPortal = B46CBC9E10A45B6700CDE29F /* TJNPFramework.xcodeproj */;
			proxyType = 2;
			remoteGlobalIDString = 8DC2EF5B0486A6940098B216;
			remoteInfo = TJNPFramework;
		};
		B46CBCA810A45B6700CDE29F /* PBXContainerItemProxy */ = {
			isa = PBXContainerItemProxy;
			containerPortal = B46CBCA110A45B6700CDE29F /* TJSharedFramework.xcodeproj */;
			proxyType = 2;
			remoteGlobalIDString = 8DC2EF5B0486A6940098B216;
			remoteInfo = TJSharedFramework;
		};
		B46CBCAA10A45B7700CDE29F /* PBXContainerItemProxy */ = {
			isa = PBXContainerItemProxy;
			containerPortal = B46CBC9E10A45B6700CDE29F /* TJNPFramework.xcodeproj */;
			proxyType = 1;
			remoteGlobalIDString = 8DC2EF4F0486A6940098B216;
			remoteInfo = TJNPFramework;
		};
		B46CBCAC10A45B7700CDE29F /* PBXContainerItemProxy */ = {
			isa = PBXContainerItemProxy;
			containerPortal = B46CBCA110A45B6700CDE29F /* TJSharedFramework.xcodeproj */;
			proxyType = 1;
			remoteGlobalIDString = 8DC2EF4F0486A6940098B216;
			remoteInfo = TJSharedFramework;
		};
		B46CBD3A10A4683F00CDE29F /* PBXContainerItemProxy */ = {
			isa = PBXContainerItemProxy;
			containerPortal = B46CBD3610A4683F00CDE29F /* TJScoutFramework.xcodeproj */;
			proxyType = 2;
			remoteGlobalIDString = 8DC2EF5B0486A6940098B216;
			remoteInfo = TJScoutFramework;
		};
		B46CBD3D10A4684C00CDE29F /* PBXContainerItemProxy */ = {
			isa = PBXContainerItemProxy;
			containerPortal = B46CBD3610A4683F00CDE29F /* TJScoutFramework.xcodeproj */;
			proxyType = 1;
			remoteGlobalIDString = 8DC2EF4F0486A6940098B216;
			remoteInfo = TJScoutFramework;
		};
		B4CAAA8410AD68DB00385A5F /* PBXContainerItemProxy */ = {
			isa = PBXContainerItemProxy;
			containerPortal = B4CAAA8010AD68DB00385A5F /* EPFramework.xcodeproj */;
			proxyType = 2;
			remoteGlobalIDString = 8DC2EF5B0486A6940098B216 /* EP.framework */;
			remoteInfo = EP;
		};
		B4CAAA8710AD68E700385A5F /* PBXContainerItemProxy */ = {
			isa = PBXContainerItemProxy;
			containerPortal = B4CAAA8010AD68DB00385A5F /* EPFramework.xcodeproj */;
			proxyType = 1;
			remoteGlobalIDString = 8DC2EF4F0486A6940098B216 /* EP */;
			remoteInfo = EP;
		};
/* End PBXContainerItemProxy section */

/* Begin PBXCopyFilesBuildPhase section */
		8DD76F690486A84900D96B5E /* CopyFiles */ = {
			isa = PBXCopyFilesBuildPhase;
			buildActionMask = 8;
			dstPath = /usr/share/man/man1/;
			dstSubfolderSpec = 0;
			files = (
			);
			runOnlyForDeploymentPostprocessing = 1;
		};
/* End PBXCopyFilesBuildPhase section */

/* Begin PBXFileReference section */
		8DD76F6C0486A84900D96B5E /* TJUSP3EPServer */ = {isa = PBXFileReference; explicitFileType = "compiled.mach-o.executable"; includeInIndex = 0; path = TJUSP3EPServer; sourceTree = BUILT_PRODUCTS_DIR; };
		B46CBC9E10A45B6700CDE29F /* TJNPFramework.xcodeproj */ = {isa = PBXFileReference; lastKnownFileType = "wrapper.pb-project"; name = TJNPFramework.xcodeproj; path = ../../TJNP/TJNPFramework.xcodeproj; sourceTree = SOURCE_ROOT; };
		B46CBCA110A45B6700CDE29F /* TJSharedFramework.xcodeproj */ = {isa = PBXFileReference; lastKnownFileType = "wrapper.pb-project"; name = TJSharedFramework.xcodeproj; path = ../../TJShared/TJSharedFramework.xcodeproj; sourceTree = SOURCE_ROOT; };
		B46CBCBE10A45C2800CDE29F /* uspmain.cpp */ = {isa = PBXFileReference; fileEncoding = 4; lastKnownFileType = sourcecode.cpp.cpp; name = uspmain.cpp; path = src/uspmain.cpp; sourceTree = "<group>"; };
		B46CBD3610A4683F00CDE29F /* TJScoutFramework.xcodeproj */ = {isa = PBXFileReference; lastKnownFileType = "wrapper.pb-project"; name = TJScoutFramework.xcodeproj; path = ../../TJScout/TJScoutFramework.xcodeproj; sourceTree = SOURCE_ROOT; };
		B46CBD5910A46A5900CDE29F /* usp3.cpp */ = {isa = PBXFileReference; fileEncoding = 4; lastKnownFileType = sourcecode.cpp.cpp; name = usp3.cpp; path = src/usp3.cpp; sourceTree = SOURCE_ROOT; };
		B46CBD5A10A46A5900CDE29F /* usp3.h */ = {isa = PBXFileReference; fileEncoding = 4; lastKnownFileType = sourcecode.c.h; name = usp3.h; path = src/usp3.h; sourceTree = SOURCE_ROOT; };
		B4CAAA8010AD68DB00385A5F /* EPFramework.xcodeproj */ = {isa = PBXFileReference; lastKnownFileType = "wrapper.pb-project"; name = EPFramework.xcodeproj; path = ../EP/EPFramework.xcodeproj; sourceTree = SOURCE_ROOT; };
/* End PBXFileReference section */

/* Begin PBXFrameworksBuildPhase section */
		8DD76F660486A84900D96B5E /* Frameworks */ = {
			isa = PBXFrameworksBuildPhase;
			buildActionMask = 2147483647;
			files = (
				B4CAAA8610AD68DF00385A5F /* EP.framework in Frameworks */,
				B46CBCB010A45B8C00CDE29F /* TJNP.framework in Frameworks */,
				B46CBCB110A45B8C00CDE29F /* TJShared.framework in Frameworks */,
				B46CBD3C10A4684500CDE29F /* TJScout.framework in Frameworks */,
			);
			runOnlyForDeploymentPostprocessing = 0;
		};
/* End PBXFrameworksBuildPhase section */

/* Begin PBXGroup section */
		08FB7794FE84155DC02AAC07 /* TJUSP3EPServer */ = {
			isa = PBXGroup;
			children = (
				B4CAAA8010AD68DB00385A5F /* EPFramework.xcodeproj */,
				B46CBCC010A45C2D00CDE29F /* src */,
				B46CBD3610A4683F00CDE29F /* TJScoutFramework.xcodeproj */,
				B46CBC9E10A45B6700CDE29F /* TJNPFramework.xcodeproj */,
				B46CBCA110A45B6700CDE29F /* TJSharedFramework.xcodeproj */,
				1AB674ADFE9D54B511CA2CBB /* Products */,
			);
			name = TJUSP3EPServer;
			sourceTree = "<group>";
		};
		1AB674ADFE9D54B511CA2CBB /* Products */ = {
			isa = PBXGroup;
			children = (
				8DD76F6C0486A84900D96B5E /* TJUSP3EPServer */,
			);
			name = Products;
			sourceTree = "<group>";
		};
		B46CBC9F10A45B6700CDE29F /* Products */ = {
			isa = PBXGroup;
			children = (
				B46CBCA610A45B6700CDE29F /* TJNP.framework */,
			);
			name = Products;
			sourceTree = "<group>";
		};
		B46CBCA210A45B6700CDE29F /* Products */ = {
			isa = PBXGroup;
			children = (
				B46CBCA910A45B6700CDE29F /* TJShared.framework */,
			);
			name = Products;
			sourceTree = "<group>";
		};
		B46CBCC010A45C2D00CDE29F /* src */ = {
			isa = PBXGroup;
			children = (
				B46CBD5910A46A5900CDE29F /* usp3.cpp */,
				B46CBD5A10A46A5900CDE29F /* usp3.h */,
				B46CBCBE10A45C2800CDE29F /* uspmain.cpp */,
			);
			name = src;
			sourceTree = "<group>";
		};
		B46CBD3710A4683F00CDE29F /* Products */ = {
			isa = PBXGroup;
			children = (
				B46CBD3B10A4683F00CDE29F /* TJScout.framework */,
			);
			name = Products;
			sourceTree = "<group>";
		};
		B4CAAA8110AD68DB00385A5F /* Products */ = {
			isa = PBXGroup;
			children = (
				B4CAAA8510AD68DB00385A5F /* EP.framework */,
			);
			name = Products;
			sourceTree = "<group>";
		};
/* End PBXGroup section */

/* Begin PBXNativeTarget section */
		8DD76F620486A84900D96B5E /* TJUSP3EPServer */ = {
			isa = PBXNativeTarget;
			buildConfigurationList = 1DEB923108733DC60010E9CD /* Build configuration list for PBXNativeTarget "TJUSP3EPServer" */;
			buildPhases = (
				8DD76F640486A84900D96B5E /* Sources */,
				8DD76F660486A84900D96B5E /* Frameworks */,
				8DD76F690486A84900D96B5E /* CopyFiles */,
			);
			buildRules = (
			);
			dependencies = (
				B46CBCAB10A45B7700CDE29F /* PBXTargetDependency */,
				B46CBCAD10A45B7700CDE29F /* PBXTargetDependency */,
				B46CBD3E10A4684C00CDE29F /* PBXTargetDependency */,
				B4CAAA8810AD68E700385A5F /* PBXTargetDependency */,
			);
			name = TJUSP3EPServer;
			productInstallPath = "$(HOME)/bin";
			productName = TJUSP3EPServer;
			productReference = 8DD76F6C0486A84900D96B5E /* TJUSP3EPServer */;
			productType = "com.apple.product-type.tool";
		};
/* End PBXNativeTarget section */

/* Begin PBXProject section */
		08FB7793FE84155DC02AAC07 /* Project object */ = {
			isa = PBXProject;
			buildConfigurationList = 1DEB923508733DC60010E9CD /* Build configuration list for PBXProject "TJUSP3EPServer" */;
			compatibilityVersion = "Xcode 3.1";
			hasScannedForEncodings = 1;
			mainGroup = 08FB7794FE84155DC02AAC07 /* TJUSP3EPServer */;
			projectDirPath = "";
			projectReferences = (
				{
					ProductGroup = B4CAAA8110AD68DB00385A5F /* Products */;
					ProjectRef = B4CAAA8010AD68DB00385A5F /* EPFramework.xcodeproj */;
				},
				{
					ProductGroup = B46CBC9F10A45B6700CDE29F /* Products */;
					ProjectRef = B46CBC9E10A45B6700CDE29F /* TJNPFramework.xcodeproj */;
				},
				{
					ProductGroup = B46CBD3710A4683F00CDE29F /* Products */;
					ProjectRef = B46CBD3610A4683F00CDE29F /* TJScoutFramework.xcodeproj */;
				},
				{
					ProductGroup = B46CBCA210A45B6700CDE29F /* Products */;
					ProjectRef = B46CBCA110A45B6700CDE29F /* TJSharedFramework.xcodeproj */;
				},
			);
			projectRoot = "";
			targets = (
				8DD76F620486A84900D96B5E /* TJUSP3EPServer */,
			);
		};
/* End PBXProject section */

/* Begin PBXReferenceProxy section */
		B46CBCA610A45B6700CDE29F /* TJNP.framework */ = {
			isa = PBXReferenceProxy;
			fileType = wrapper.framework;
			path = TJNP.framework;
			remoteRef = B46CBCA510A45B6700CDE29F /* PBXContainerItemProxy */;
			sourceTree = BUILT_PRODUCTS_DIR;
		};
		B46CBCA910A45B6700CDE29F /* TJShared.framework */ = {
			isa = PBXReferenceProxy;
			fileType = wrapper.framework;
			path = TJShared.framework;
			remoteRef = B46CBCA810A45B6700CDE29F /* PBXContainerItemProxy */;
			sourceTree = BUILT_PRODUCTS_DIR;
		};
		B46CBD3B10A4683F00CDE29F /* TJScout.framework */ = {
			isa = PBXReferenceProxy;
			fileType = wrapper.framework;
			path = TJScout.framework;
			remoteRef = B46CBD3A10A4683F00CDE29F /* PBXContainerItemProxy */;
			sourceTree = BUILT_PRODUCTS_DIR;
		};
		B4CAAA8510AD68DB00385A5F /* EP.framework */ = {
			isa = PBXReferenceProxy;
			fileType = wrapper.framework;
			path = EP.framework;
			remoteRef = B4CAAA8410AD68DB00385A5F /* PBXContainerItemProxy */;
			sourceTree = BUILT_PRODUCTS_DIR;
		};
/* End PBXReferenceProxy section */

/* Begin PBXSourcesBuildPhase section */
		8DD76F640486A84900D96B5E /* Sources */ = {
			isa = PBXSourcesBuildPhase;
			buildActionMask = 2147483647;
			files = (
				B46CBCBF10A45C2800CDE29F /* uspmain.cpp in Sources */,
				B46CBD5B10A46A5900CDE29F /* usp3.cpp in Sources */,
			);
			runOnlyForDeploymentPostprocessing = 0;
		};
/* End PBXSourcesBuildPhase section */

/* Begin PBXTargetDependency section */
		B46CBCAB10A45B7700CDE29F /* PBXTargetDependency */ = {
			isa = PBXTargetDependency;
			name = TJNPFramework;
			targetProxy = B46CBCAA10A45B7700CDE29F /* PBXContainerItemProxy */;
		};
		B46CBCAD10A45B7700CDE29F /* PBXTargetDependency */ = {
			isa = PBXTargetDependency;
			name = TJSharedFramework;
			targetProxy = B46CBCAC10A45B7700CDE29F /* PBXContainerItemProxy */;
		};
		B46CBD3E10A4684C00CDE29F /* PBXTargetDependency */ = {
			isa = PBXTargetDependency;
			name = TJScoutFramework;
			targetProxy = B46CBD3D10A4684C00CDE29F /* PBXContainerItemProxy */;
		};
		B4CAAA8810AD68E700385A5F /* PBXTargetDependency */ = {
			isa = PBXTargetDependency;
			name = EP;
			targetProxy = B4CAAA8710AD68E700385A5F /* PBXContainerItemProxy */;
		};
/* End PBXTargetDependency section */

/* Begin XCBuildConfiguration section */
		1DEB923208733DC60010E9CD /* Debug */ = {
			isa = XCBuildConfiguration;
			buildSettings = {
				ALWAYS_SEARCH_USER_PATHS = NO;
				COPY_PHASE_STRIP = NO;
				GCC_DYNAMIC_NO_PIC = NO;
				GCC_ENABLE_FIX_AND_CONTINUE = YES;
				GCC_MODEL_TUNING = G5;
				GCC_OPTIMIZATION_LEVEL = 0;
				GCC_PREPROCESSOR_DEFINITIONS = (
					"_GLIBCXX_DEBUG=1",
					"_GLIBCXX_DEBUG_PEDANTIC=1",
				);
				INSTALL_PATH = /usr/local/bin;
				PRODUCT_NAME = TJUSP3EPServer;
			};
			name = Debug;
		};
		1DEB923308733DC60010E9CD /* Release */ = {
			isa = XCBuildConfiguration;
			buildSettings = {
				ALWAYS_SEARCH_USER_PATHS = NO;
				DEBUG_INFORMATION_FORMAT = "dwarf-with-dsym";
				GCC_MODEL_TUNING = G5;
				INSTALL_PATH = /usr/local/bin;
				PRODUCT_NAME = TJUSP3EPServer;
			};
			name = Release;
		};
		1DEB923608733DC60010E9CD /* Debug */ = {
			isa = XCBuildConfiguration;
			buildSettings = {
				ARCHS = "$(ARCHS_STANDARD_32_64_BIT)";
				GCC_C_LANGUAGE_STANDARD = gnu99;
				GCC_OPTIMIZATION_LEVEL = 0;
				GCC_WARN_ABOUT_RETURN_TYPE = YES;
				GCC_WARN_UNUSED_VARIABLE = YES;
				ONLY_ACTIVE_ARCH = YES;
				PREBINDING = NO;
				SDKROOT = macosx10.6;
			};
			name = Debug;
		};
		1DEB923708733DC60010E9CD /* Release */ = {
			isa = XCBuildConfiguration;
			buildSettings = {
				ARCHS = "$(ARCHS_STANDARD_32_64_BIT)";
				GCC_C_LANGUAGE_STANDARD = gnu99;
				GCC_WARN_ABOUT_RETURN_TYPE = YES;
				GCC_WARN_UNUSED_VARIABLE = YES;
				PREBINDING = NO;
				SDKROOT = macosx10.6;
				SYMROOT = ../../build;
			};
			name = Release;
		};
/* End XCBuildConfiguration section */

/* Begin XCConfigurationList section */
		1DEB923108733DC60010E9CD /* Build configuration list for PBXNativeTarget "TJUSP3EPServer" */ = {
			isa = XCConfigurationList;
			buildConfigurations = (
				1DEB923208733DC60010E9CD /* Debug */,
				1DEB923308733DC60010E9CD /* Release */,
			);
			defaultConfigurationIsVisible = 0;
			defaultConfigurationName = Release;
		};
		1DEB923508733DC60010E9CD /* Build configuration list for PBXProject "TJUSP3EPServer" */ = {
			isa = XCConfigurationList;
			buildConfigurations = (
				1DEB923608733DC60010E9CD /* Debug */,
				1DEB923708733DC60010E9CD /* Release */,
			);
			defaultConfigurationIsVisible = 0;
			defaultConfigurationName = Release;
		};
/* End XCConfigurationList section */
	};
	rootObject = 08FB7793FE84155DC02AAC07 /* Project object */;
}
