// !$*UTF8*$!
{
	archiveVersion = 1;
	classes = {
	};
	objectVersion = 45;
	objects = {

/* Begin PBXBuildFile section */
		1D3623260D0F684500981E51 /* MWAppDelegate.mm in Sources */ = {isa = PBXBuildFile; fileRef = 1D3623250D0F684500981E51 /* MWAppDelegate.mm */; };
		1D60589B0D05DD56006BFB54 /* main.mm in Sources */ = {isa = PBXBuildFile; fileRef = 29B97316FDCFA39411CA2CEA /* main.mm */; };
		1D60589F0D05DD5A006BFB54 /* Foundation.framework in Frameworks */ = {isa = PBXBuildFile; fileRef = 1D30AB110D05D00D00671497 /* Foundation.framework */; };
		1DF5F4E00D08C38300B7A737 /* UIKit.framework in Frameworks */ = {isa = PBXBuildFile; fileRef = 1DF5F4DF0D08C38300B7A737 /* UIKit.framework */; };
		288765FD0DF74451002DB57D /* CoreGraphics.framework in Frameworks */ = {isa = PBXBuildFile; fileRef = 288765FC0DF74451002DB57D /* CoreGraphics.framework */; };
		28AD733F0D9D9553002E5188 /* MainWindow.xib in Resources */ = {isa = PBXBuildFile; fileRef = 28AD733E0D9D9553002E5188 /* MainWindow.xib */; };
		B413B95F1046C3F500587E77 /* Network.png in Resources */ = {isa = PBXBuildFile; fileRef = B413B95E1046C3F500587E77 /* Network.png */; };
		B413B9641046C5D900587E77 /* Blue.png in Resources */ = {isa = PBXBuildFile; fileRef = B413B9601046C5D900587E77 /* Blue.png */; };
		B413B9651046C5D900587E77 /* Gray.png in Resources */ = {isa = PBXBuildFile; fileRef = B413B9611046C5D900587E77 /* Gray.png */; };
		B413B9661046C5D900587E77 /* Green.png in Resources */ = {isa = PBXBuildFile; fileRef = B413B9621046C5D900587E77 /* Green.png */; };
		B413B9671046C5D900587E77 /* Red.png in Resources */ = {isa = PBXBuildFile; fileRef = B413B9631046C5D900587E77 /* Red.png */; };
		B43BF8F31046BC68002F17E1 /* Background.png in Resources */ = {isa = PBXBuildFile; fileRef = B43BF8F21046BC68002F17E1 /* Background.png */; };
		B4528C5210BA9583009605EC /* ep-icons.plist in Resources */ = {isa = PBXBuildFile; fileRef = B4528C5110BA9583009605EC /* ep-icons.plist */; };
		B4528C5A10BA96C5009605EC /* ep-power-off.png in Resources */ = {isa = PBXBuildFile; fileRef = B4528C5910BA96C5009605EC /* ep-power-off.png */; };
		B4528CB110BA9962009605EC /* ep-reset.png in Resources */ = {isa = PBXBuildFile; fileRef = B4528CB010BA9962009605EC /* ep-reset.png */; };
		B4528CBB10BA9A12009605EC /* ep-sleep.png in Resources */ = {isa = PBXBuildFile; fileRef = B4528CBA10BA9A12009605EC /* ep-sleep.png */; };
		B4528CC210BA9AA1009605EC /* ep-dim.png in Resources */ = {isa = PBXBuildFile; fileRef = B4528CC010BA9AA1009605EC /* ep-dim.png */; };
		B4528CC310BA9AA1009605EC /* ep-fade.png in Resources */ = {isa = PBXBuildFile; fileRef = B4528CC110BA9AA1009605EC /* ep-fade.png */; };
		B4528CD010BA9B87009605EC /* ep-color.png in Resources */ = {isa = PBXBuildFile; fileRef = B4528CCF10BA9B87009605EC /* ep-color.png */; };
		B468B07710C952A300EFA99B /* MWOptionView.mm in Sources */ = {isa = PBXBuildFile; fileRef = B468B07610C952A300EFA99B /* MWOptionView.mm */; };
		B468B07B10C9537D00EFA99B /* MWParameter.mm in Sources */ = {isa = PBXBuildFile; fileRef = B468B07A10C9537D00EFA99B /* MWParameter.mm */; };
		B468B10F10C96A0B00EFA99B /* MWChooserController.mm in Sources */ = {isa = PBXBuildFile; fileRef = B468B10E10C96A0B00EFA99B /* MWChooserController.mm */; };
		B46AC5F21083899A00EAE42C /* MWMethod.mm in Sources */ = {isa = PBXBuildFile; fileRef = B46AC5F11083899A00EAE42C /* MWMethod.mm */; };
		B46AC61D10838C8C00EAE42C /* MWMethodTableViewController.mm in Sources */ = {isa = PBXBuildFile; fileRef = B46AC61C10838C8C00EAE42C /* MWMethodTableViewController.mm */; };
		B47F09D90FB625FB00DB3BEE /* Logo.png in Resources */ = {isa = PBXBuildFile; fileRef = B47F09D80FB625FB00DB3BEE /* Logo.png */; };
		B47F09EA0FB627B300DB3BEE /* Default.png in Resources */ = {isa = PBXBuildFile; fileRef = B47F09E90FB627B300DB3BEE /* Default.png */; };
		B47F0A320FB6295700DB3BEE /* MWClient.mm in Sources */ = {isa = PBXBuildFile; fileRef = B47F0A310FB6295700DB3BEE /* MWClient.mm */; };
		B48DC250108CC6B1002AB313 /* MWDownload.mm in Sources */ = {isa = PBXBuildFile; fileRef = B48DC24F108CC6B1002AB313 /* MWDownload.mm */; };
		B499D012108BA6F5002E1F92 /* MWParameterTableViewController.mm in Sources */ = {isa = PBXBuildFile; fileRef = B499D011108BA6F5002E1F92 /* MWParameterTableViewController.mm */; };
		B4A98A6910C6E5EF001CF473 /* libEPMobile.a in Frameworks */ = {isa = PBXBuildFile; fileRef = B4A9897C10C6C99C001CF473 /* libEPMobile.a */; };
		B4A98A8010C6E62C001CF473 /* libOSCPackMobile.a in Frameworks */ = {isa = PBXBuildFile; fileRef = B4A98A7F10C6E621001CF473 /* libOSCPackMobile.a */; };
		B4A98A8110C6E62C001CF473 /* libTinyXMLMobile.a in Frameworks */ = {isa = PBXBuildFile; fileRef = B4A98A7610C6E614001CF473 /* libTinyXMLMobile.a */; };
		B4A98AB610C6E707001CF473 /* libTJSharedMobile.a in Frameworks */ = {isa = PBXBuildFile; fileRef = B4A98AB510C6E702001CF473 /* libTJSharedMobile.a */; };
		B4A98C5610C6FC3A001CF473 /* MWHeaderView.m in Sources */ = {isa = PBXBuildFile; fileRef = B4A98C5510C6FC3A001CF473 /* MWHeaderView.m */; };
		B4B99F9D10C7AFFC0048EC2D /* FavoriteAll.png in Resources */ = {isa = PBXBuildFile; fileRef = B4B99F9B10C7AFFC0048EC2D /* FavoriteAll.png */; };
		B4B99F9E10C7AFFC0048EC2D /* Favorite.png in Resources */ = {isa = PBXBuildFile; fileRef = B4B99F9C10C7AFFC0048EC2D /* Favorite.png */; };
		B4B9A0D110C7BFCA0048EC2D /* MWInputAlertView.mm in Sources */ = {isa = PBXBuildFile; fileRef = B4B9A0D010C7BFCA0048EC2D /* MWInputAlertView.mm */; };
		B4E617B3108270C8004D7C02 /* MWEndpointsTableViewController.mm in Sources */ = {isa = PBXBuildFile; fileRef = B4E617B2108270C8004D7C02 /* MWEndpointsTableViewController.mm */; };
		B4E618841082779C004D7C02 /* MWEndpoint.mm in Sources */ = {isa = PBXBuildFile; fileRef = B4E618831082779C004D7C02 /* MWEndpoint.mm */; };
		B4FF221410C702D8000D47B6 /* Run.png in Resources */ = {isa = PBXBuildFile; fileRef = B4FF221310C702D8000D47B6 /* Run.png */; };
		B4FF229B10C71B12000D47B6 /* MWFavoritesTableViewController.mm in Sources */ = {isa = PBXBuildFile; fileRef = B4FF229A10C71B12000D47B6 /* MWFavoritesTableViewController.mm */; };
		B4FF22E510C71ED0000D47B6 /* MWFavorite.mm in Sources */ = {isa = PBXBuildFile; fileRef = B4FF22E410C71ED0000D47B6 /* MWFavorite.mm */; };
		B4FF231510C721E2000D47B6 /* MWSliderView.mm in Sources */ = {isa = PBXBuildFile; fileRef = B4FF231410C721E2000D47B6 /* MWSliderView.mm */; };
/* End PBXBuildFile section */

/* Begin PBXContainerItemProxy section */
		B4A9897910C6C99C001CF473 /* PBXContainerItemProxy */ = {
			isa = PBXContainerItemProxy;
			containerPortal = B4A9894910C6C99C001CF473 /* EPFramework.xcodeproj */;
			proxyType = 2;
			remoteGlobalIDString = 8DC2EF5B0486A6940098B216;
			remoteInfo = EP;
		};
		B4A9897B10C6C99C001CF473 /* PBXContainerItemProxy */ = {
			isa = PBXContainerItemProxy;
			containerPortal = B4A9894910C6C99C001CF473 /* EPFramework.xcodeproj */;
			proxyType = 2;
			remoteGlobalIDString = B4A988EE10C6622C001CF473;
			remoteInfo = EPMobile;
		};
		B4A9897D10C6C9B5001CF473 /* PBXContainerItemProxy */ = {
			isa = PBXContainerItemProxy;
			containerPortal = B4A9894910C6C99C001CF473 /* EPFramework.xcodeproj */;
			proxyType = 1;
			remoteGlobalIDString = B4A988ED10C6622C001CF473;
			remoteInfo = EPMobile;
		};
		B4A98A7310C6E614001CF473 /* PBXContainerItemProxy */ = {
			isa = PBXContainerItemProxy;
			containerPortal = B4A98A6E10C6E614001CF473 /* TinyXMLFramework.xcodeproj */;
			proxyType = 2;
			remoteGlobalIDString = 8DC2EF5B0486A6940098B216;
			remoteInfo = TinyXML;
		};
		B4A98A7510C6E614001CF473 /* PBXContainerItemProxy */ = {
			isa = PBXContainerItemProxy;
			containerPortal = B4A98A6E10C6E614001CF473 /* TinyXMLFramework.xcodeproj */;
			proxyType = 2;
			remoteGlobalIDString = B4A9875D10C65E8A001CF473;
			remoteInfo = TinyXMLMobile;
		};
		B4A98A7C10C6E621001CF473 /* PBXContainerItemProxy */ = {
			isa = PBXContainerItemProxy;
			containerPortal = B4A98A7710C6E621001CF473 /* OSCPackFramework.xcodeproj */;
			proxyType = 2;
			remoteGlobalIDString = 8DC2EF5B0486A6940098B216;
			remoteInfo = OSCPack;
		};
		B4A98A7E10C6E621001CF473 /* PBXContainerItemProxy */ = {
			isa = PBXContainerItemProxy;
			containerPortal = B4A98A7710C6E621001CF473 /* OSCPackFramework.xcodeproj */;
			proxyType = 2;
			remoteGlobalIDString = B4A989AB10C6C9DA001CF473;
			remoteInfo = OSCPackMobile;
		};
		B4A98A8210C6E638001CF473 /* PBXContainerItemProxy */ = {
			isa = PBXContainerItemProxy;
			containerPortal = B4A98A7710C6E621001CF473 /* OSCPackFramework.xcodeproj */;
			proxyType = 1;
			remoteGlobalIDString = B4A989AA10C6C9DA001CF473;
			remoteInfo = OSCPackMobile;
		};
		B4A98A8410C6E638001CF473 /* PBXContainerItemProxy */ = {
			isa = PBXContainerItemProxy;
			containerPortal = B4A98A6E10C6E614001CF473 /* TinyXMLFramework.xcodeproj */;
			proxyType = 1;
			remoteGlobalIDString = B4A9875C10C65E8A001CF473;
			remoteInfo = TinyXMLMobile;
		};
		B4A98AB210C6E702001CF473 /* PBXContainerItemProxy */ = {
			isa = PBXContainerItemProxy;
			containerPortal = B4A98AAC10C6E702001CF473 /* TJSharedFramework.xcodeproj */;
			proxyType = 2;
			remoteGlobalIDString = 8DC2EF5B0486A6940098B216;
			remoteInfo = TJShared;
		};
		B4A98AB410C6E702001CF473 /* PBXContainerItemProxy */ = {
			isa = PBXContainerItemProxy;
			containerPortal = B4A98AAC10C6E702001CF473 /* TJSharedFramework.xcodeproj */;
			proxyType = 2;
			remoteGlobalIDString = B4A987C410C65F70001CF473;
			remoteInfo = TJSharedMobile;
		};
		B4A98AB710C6E70F001CF473 /* PBXContainerItemProxy */ = {
			isa = PBXContainerItemProxy;
			containerPortal = B4A98AAC10C6E702001CF473 /* TJSharedFramework.xcodeproj */;
			proxyType = 1;
			remoteGlobalIDString = B4A987C310C65F70001CF473;
			remoteInfo = TJSharedMobile;
		};
/* End PBXContainerItemProxy section */

/* Begin PBXFileReference section */
		1D30AB110D05D00D00671497 /* Foundation.framework */ = {isa = PBXFileReference; lastKnownFileType = wrapper.framework; name = Foundation.framework; path = System/Library/Frameworks/Foundation.framework; sourceTree = SDKROOT; };
		1D3623240D0F684500981E51 /* MWAppDelegate.h */ = {isa = PBXFileReference; fileEncoding = 4; lastKnownFileType = sourcecode.c.h; path = MWAppDelegate.h; sourceTree = "<group>"; };
		1D3623250D0F684500981E51 /* MWAppDelegate.mm */ = {isa = PBXFileReference; fileEncoding = 4; lastKnownFileType = sourcecode.cpp.objcpp; path = MWAppDelegate.mm; sourceTree = "<group>"; };
		1D6058910D05DD3D006BFB54 /* TJShowRemote.app */ = {isa = PBXFileReference; explicitFileType = wrapper.application; includeInIndex = 0; path = TJShowRemote.app; sourceTree = BUILT_PRODUCTS_DIR; };
		1DF5F4DF0D08C38300B7A737 /* UIKit.framework */ = {isa = PBXFileReference; lastKnownFileType = wrapper.framework; name = UIKit.framework; path = System/Library/Frameworks/UIKit.framework; sourceTree = SDKROOT; };
		288765FC0DF74451002DB57D /* CoreGraphics.framework */ = {isa = PBXFileReference; lastKnownFileType = wrapper.framework; name = CoreGraphics.framework; path = System/Library/Frameworks/CoreGraphics.framework; sourceTree = SDKROOT; };
		28AD733E0D9D9553002E5188 /* MainWindow.xib */ = {isa = PBXFileReference; lastKnownFileType = file.xib; path = MainWindow.xib; sourceTree = "<group>"; };
		29B97316FDCFA39411CA2CEA /* main.mm */ = {isa = PBXFileReference; fileEncoding = 4; lastKnownFileType = sourcecode.cpp.objcpp; path = main.mm; sourceTree = "<group>"; };
		32CA4F630368D1EE00C91783 /* Prefix.pch */ = {isa = PBXFileReference; fileEncoding = 4; lastKnownFileType = sourcecode.c.h; path = Prefix.pch; sourceTree = "<group>"; };
		8D1107310486CEB800E47090 /* Info.plist */ = {isa = PBXFileReference; fileEncoding = 4; lastKnownFileType = text.plist.xml; path = Info.plist; sourceTree = "<group>"; };
		B413B95E1046C3F500587E77 /* Network.png */ = {isa = PBXFileReference; lastKnownFileType = image.png; name = Network.png; path = Resources/Network.png; sourceTree = "<group>"; };
		B413B9601046C5D900587E77 /* Blue.png */ = {isa = PBXFileReference; lastKnownFileType = image.png; name = Blue.png; path = Resources/Blue.png; sourceTree = "<group>"; };
		B413B9611046C5D900587E77 /* Gray.png */ = {isa = PBXFileReference; lastKnownFileType = image.png; name = Gray.png; path = Resources/Gray.png; sourceTree = "<group>"; };
		B413B9621046C5D900587E77 /* Green.png */ = {isa = PBXFileReference; lastKnownFileType = image.png; name = Green.png; path = Resources/Green.png; sourceTree = "<group>"; };
		B413B9631046C5D900587E77 /* Red.png */ = {isa = PBXFileReference; lastKnownFileType = image.png; name = Red.png; path = Resources/Red.png; sourceTree = "<group>"; };
		B43BF8F21046BC68002F17E1 /* Background.png */ = {isa = PBXFileReference; lastKnownFileType = image.png; path = Background.png; sourceTree = "<group>"; };
		B4528C5110BA9583009605EC /* ep-icons.plist */ = {isa = PBXFileReference; fileEncoding = 4; lastKnownFileType = text.plist.xml; path = "ep-icons.plist"; sourceTree = "<group>"; };
		B4528C5910BA96C5009605EC /* ep-power-off.png */ = {isa = PBXFileReference; lastKnownFileType = image.png; name = "ep-power-off.png"; path = "Resources/Icons/ep-power-off.png"; sourceTree = "<group>"; };
		B4528CB010BA9962009605EC /* ep-reset.png */ = {isa = PBXFileReference; lastKnownFileType = image.png; name = "ep-reset.png"; path = "Resources/Icons/ep-reset.png"; sourceTree = "<group>"; };
		B4528CBA10BA9A12009605EC /* ep-sleep.png */ = {isa = PBXFileReference; lastKnownFileType = image.png; name = "ep-sleep.png"; path = "Resources/Icons/ep-sleep.png"; sourceTree = "<group>"; };
		B4528CC010BA9AA1009605EC /* ep-dim.png */ = {isa = PBXFileReference; lastKnownFileType = image.png; name = "ep-dim.png"; path = "Resources/Icons/ep-dim.png"; sourceTree = "<group>"; };
		B4528CC110BA9AA1009605EC /* ep-fade.png */ = {isa = PBXFileReference; lastKnownFileType = image.png; name = "ep-fade.png"; path = "Resources/Icons/ep-fade.png"; sourceTree = "<group>"; };
		B4528CCF10BA9B87009605EC /* ep-color.png */ = {isa = PBXFileReference; lastKnownFileType = image.png; name = "ep-color.png"; path = "Resources/Icons/ep-color.png"; sourceTree = "<group>"; };
		B468B07510C952A300EFA99B /* MWOptionView.h */ = {isa = PBXFileReference; fileEncoding = 4; lastKnownFileType = sourcecode.c.h; path = MWOptionView.h; sourceTree = "<group>"; };
		B468B07610C952A300EFA99B /* MWOptionView.mm */ = {isa = PBXFileReference; fileEncoding = 4; lastKnownFileType = sourcecode.cpp.objcpp; path = MWOptionView.mm; sourceTree = "<group>"; };
		B468B07910C9537D00EFA99B /* MWParameter.h */ = {isa = PBXFileReference; fileEncoding = 4; lastKnownFileType = sourcecode.c.h; path = MWParameter.h; sourceTree = "<group>"; };
		B468B07A10C9537D00EFA99B /* MWParameter.mm */ = {isa = PBXFileReference; fileEncoding = 4; lastKnownFileType = sourcecode.cpp.objcpp; path = MWParameter.mm; sourceTree = "<group>"; };
		B468B10D10C96A0B00EFA99B /* MWChooserController.h */ = {isa = PBXFileReference; fileEncoding = 4; lastKnownFileType = sourcecode.c.h; path = MWChooserController.h; sourceTree = "<group>"; };
		B468B10E10C96A0B00EFA99B /* MWChooserController.mm */ = {isa = PBXFileReference; fileEncoding = 4; lastKnownFileType = sourcecode.cpp.objcpp; path = MWChooserController.mm; sourceTree = "<group>"; };
		B46AC5F01083899A00EAE42C /* MWMethod.h */ = {isa = PBXFileReference; fileEncoding = 4; lastKnownFileType = sourcecode.c.h; path = MWMethod.h; sourceTree = "<group>"; };
		B46AC5F11083899A00EAE42C /* MWMethod.mm */ = {isa = PBXFileReference; fileEncoding = 4; lastKnownFileType = sourcecode.cpp.objcpp; path = MWMethod.mm; sourceTree = "<group>"; };
		B46AC61B10838C8C00EAE42C /* MWMethodTableViewController.h */ = {isa = PBXFileReference; fileEncoding = 4; lastKnownFileType = sourcecode.c.h; path = MWMethodTableViewController.h; sourceTree = "<group>"; };
		B46AC61C10838C8C00EAE42C /* MWMethodTableViewController.mm */ = {isa = PBXFileReference; fileEncoding = 4; lastKnownFileType = sourcecode.cpp.objcpp; path = MWMethodTableViewController.mm; sourceTree = "<group>"; };
		B47F09D80FB625FB00DB3BEE /* Logo.png */ = {isa = PBXFileReference; lastKnownFileType = image.png; name = Logo.png; path = Resources/Logo.png; sourceTree = "<group>"; };
		B47F09E90FB627B300DB3BEE /* Default.png */ = {isa = PBXFileReference; lastKnownFileType = image.png; name = Default.png; path = Resources/Default.png; sourceTree = "<group>"; };
		B47F0A300FB6295700DB3BEE /* MWClient.h */ = {isa = PBXFileReference; fileEncoding = 4; lastKnownFileType = sourcecode.c.h; path = MWClient.h; sourceTree = "<group>"; };
		B47F0A310FB6295700DB3BEE /* MWClient.mm */ = {isa = PBXFileReference; fileEncoding = 4; lastKnownFileType = sourcecode.cpp.objcpp; path = MWClient.mm; sourceTree = "<group>"; };
		B48DC24E108CC6B1002AB313 /* MWDownload.h */ = {isa = PBXFileReference; fileEncoding = 4; lastKnownFileType = sourcecode.c.h; path = MWDownload.h; sourceTree = "<group>"; };
		B48DC24F108CC6B1002AB313 /* MWDownload.mm */ = {isa = PBXFileReference; fileEncoding = 4; lastKnownFileType = sourcecode.cpp.objcpp; path = MWDownload.mm; sourceTree = "<group>"; };
		B499D010108BA6F5002E1F92 /* MWParameterTableViewController.h */ = {isa = PBXFileReference; fileEncoding = 4; lastKnownFileType = sourcecode.c.h; path = MWParameterTableViewController.h; sourceTree = "<group>"; };
		B499D011108BA6F5002E1F92 /* MWParameterTableViewController.mm */ = {isa = PBXFileReference; fileEncoding = 4; lastKnownFileType = sourcecode.cpp.objcpp; path = MWParameterTableViewController.mm; sourceTree = "<group>"; };
		B4A9894910C6C99C001CF473 /* EPFramework.xcodeproj */ = {isa = PBXFileReference; lastKnownFileType = "wrapper.pb-project"; name = EPFramework.xcodeproj; path = ../EP/EPFramework.xcodeproj; sourceTree = SOURCE_ROOT; };
		B4A98A6E10C6E614001CF473 /* TinyXMLFramework.xcodeproj */ = {isa = PBXFileReference; lastKnownFileType = "wrapper.pb-project"; name = TinyXMLFramework.xcodeproj; path = ../../Libraries/TinyXML/TinyXMLFramework.xcodeproj; sourceTree = SOURCE_ROOT; };
		B4A98A7710C6E621001CF473 /* OSCPackFramework.xcodeproj */ = {isa = PBXFileReference; lastKnownFileType = "wrapper.pb-project"; name = OSCPackFramework.xcodeproj; path = ../../Libraries/OSCPack/OSCPackFramework.xcodeproj; sourceTree = SOURCE_ROOT; };
		B4A98AAC10C6E702001CF473 /* TJSharedFramework.xcodeproj */ = {isa = PBXFileReference; lastKnownFileType = "wrapper.pb-project"; name = TJSharedFramework.xcodeproj; path = ../../TJShared/TJSharedFramework.xcodeproj; sourceTree = SOURCE_ROOT; };
		B4A98C5410C6FC3A001CF473 /* MWHeaderView.h */ = {isa = PBXFileReference; fileEncoding = 4; lastKnownFileType = sourcecode.c.h; path = MWHeaderView.h; sourceTree = "<group>"; };
		B4A98C5510C6FC3A001CF473 /* MWHeaderView.m */ = {isa = PBXFileReference; fileEncoding = 4; lastKnownFileType = sourcecode.c.objc; path = MWHeaderView.m; sourceTree = "<group>"; };
		B4B99F9B10C7AFFC0048EC2D /* FavoriteAll.png */ = {isa = PBXFileReference; lastKnownFileType = image.png; name = FavoriteAll.png; path = Resources/FavoriteAll.png; sourceTree = "<group>"; };
		B4B99F9C10C7AFFC0048EC2D /* Favorite.png */ = {isa = PBXFileReference; lastKnownFileType = image.png; name = Favorite.png; path = Resources/Favorite.png; sourceTree = "<group>"; };
		B4B9A0CF10C7BFCA0048EC2D /* MWInputAlertView.h */ = {isa = PBXFileReference; fileEncoding = 4; lastKnownFileType = sourcecode.c.h; path = MWInputAlertView.h; sourceTree = "<group>"; };
		B4B9A0D010C7BFCA0048EC2D /* MWInputAlertView.mm */ = {isa = PBXFileReference; fileEncoding = 4; lastKnownFileType = sourcecode.cpp.objcpp; path = MWInputAlertView.mm; sourceTree = "<group>"; };
		B4E617B1108270C8004D7C02 /* MWEndpointsTableViewController.h */ = {isa = PBXFileReference; fileEncoding = 4; lastKnownFileType = sourcecode.c.h; path = MWEndpointsTableViewController.h; sourceTree = "<group>"; };
		B4E617B2108270C8004D7C02 /* MWEndpointsTableViewController.mm */ = {isa = PBXFileReference; fileEncoding = 4; lastKnownFileType = sourcecode.cpp.objcpp; path = MWEndpointsTableViewController.mm; sourceTree = "<group>"; };
		B4E618821082779C004D7C02 /* MWEndpoint.h */ = {isa = PBXFileReference; fileEncoding = 4; lastKnownFileType = sourcecode.c.h; path = MWEndpoint.h; sourceTree = "<group>"; };
		B4E618831082779C004D7C02 /* MWEndpoint.mm */ = {isa = PBXFileReference; fileEncoding = 4; lastKnownFileType = sourcecode.cpp.objcpp; path = MWEndpoint.mm; sourceTree = "<group>"; };
		B4FF221310C702D8000D47B6 /* Run.png */ = {isa = PBXFileReference; lastKnownFileType = image.png; name = Run.png; path = Resources/Run.png; sourceTree = "<group>"; };
		B4FF229910C71B12000D47B6 /* MWFavoritesTableViewController.h */ = {isa = PBXFileReference; fileEncoding = 4; lastKnownFileType = sourcecode.c.h; path = MWFavoritesTableViewController.h; sourceTree = "<group>"; };
		B4FF229A10C71B12000D47B6 /* MWFavoritesTableViewController.mm */ = {isa = PBXFileReference; fileEncoding = 4; lastKnownFileType = sourcecode.cpp.objcpp; path = MWFavoritesTableViewController.mm; sourceTree = "<group>"; };
		B4FF22E310C71ED0000D47B6 /* MWFavorite.h */ = {isa = PBXFileReference; fileEncoding = 4; lastKnownFileType = sourcecode.c.h; path = MWFavorite.h; sourceTree = "<group>"; };
		B4FF22E410C71ED0000D47B6 /* MWFavorite.mm */ = {isa = PBXFileReference; fileEncoding = 4; lastKnownFileType = sourcecode.cpp.objcpp; path = MWFavorite.mm; sourceTree = "<group>"; };
		B4FF231310C721E2000D47B6 /* MWSliderView.h */ = {isa = PBXFileReference; fileEncoding = 4; lastKnownFileType = sourcecode.c.h; path = MWSliderView.h; sourceTree = "<group>"; };
		B4FF231410C721E2000D47B6 /* MWSliderView.mm */ = {isa = PBXFileReference; fileEncoding = 4; lastKnownFileType = sourcecode.cpp.objcpp; path = MWSliderView.mm; sourceTree = "<group>"; };
/* End PBXFileReference section */

/* Begin PBXFrameworksBuildPhase section */
		1D60588F0D05DD3D006BFB54 /* Frameworks */ = {
			isa = PBXFrameworksBuildPhase;
			buildActionMask = 2147483647;
			files = (
				B4A98AB610C6E707001CF473 /* libTJSharedMobile.a in Frameworks */,
				B4A98A8010C6E62C001CF473 /* libOSCPackMobile.a in Frameworks */,
				B4A98A8110C6E62C001CF473 /* libTinyXMLMobile.a in Frameworks */,
				B4A98A6910C6E5EF001CF473 /* libEPMobile.a in Frameworks */,
				1D60589F0D05DD5A006BFB54 /* Foundation.framework in Frameworks */,
				1DF5F4E00D08C38300B7A737 /* UIKit.framework in Frameworks */,
				288765FD0DF74451002DB57D /* CoreGraphics.framework in Frameworks */,
			);
			runOnlyForDeploymentPostprocessing = 0;
		};
/* End PBXFrameworksBuildPhase section */

/* Begin PBXGroup section */
		080E96DDFE201D6D7F000001 /* Classes */ = {
			isa = PBXGroup;
			children = (
				B4B9A0CF10C7BFCA0048EC2D /* MWInputAlertView.h */,
				B4B9A0D010C7BFCA0048EC2D /* MWInputAlertView.mm */,
				B4A98C5410C6FC3A001CF473 /* MWHeaderView.h */,
				B4A98C5510C6FC3A001CF473 /* MWHeaderView.m */,
				B4E617B1108270C8004D7C02 /* MWEndpointsTableViewController.h */,
				B4E617B2108270C8004D7C02 /* MWEndpointsTableViewController.mm */,
				1D3623240D0F684500981E51 /* MWAppDelegate.h */,
				1D3623250D0F684500981E51 /* MWAppDelegate.mm */,
				B47F0A300FB6295700DB3BEE /* MWClient.h */,
				B47F0A310FB6295700DB3BEE /* MWClient.mm */,
				B4E618821082779C004D7C02 /* MWEndpoint.h */,
				B4E618831082779C004D7C02 /* MWEndpoint.mm */,
				B46AC5F01083899A00EAE42C /* MWMethod.h */,
				B46AC5F11083899A00EAE42C /* MWMethod.mm */,
				B46AC61B10838C8C00EAE42C /* MWMethodTableViewController.h */,
				B46AC61C10838C8C00EAE42C /* MWMethodTableViewController.mm */,
				B499D010108BA6F5002E1F92 /* MWParameterTableViewController.h */,
				B499D011108BA6F5002E1F92 /* MWParameterTableViewController.mm */,
				B48DC24E108CC6B1002AB313 /* MWDownload.h */,
				B48DC24F108CC6B1002AB313 /* MWDownload.mm */,
				B4FF229910C71B12000D47B6 /* MWFavoritesTableViewController.h */,
				B4FF229A10C71B12000D47B6 /* MWFavoritesTableViewController.mm */,
				B4FF22E310C71ED0000D47B6 /* MWFavorite.h */,
				B4FF22E410C71ED0000D47B6 /* MWFavorite.mm */,
				B4FF231310C721E2000D47B6 /* MWSliderView.h */,
				B468B07510C952A300EFA99B /* MWOptionView.h */,
				B468B07610C952A300EFA99B /* MWOptionView.mm */,
				B4FF231410C721E2000D47B6 /* MWSliderView.mm */,
				B468B07910C9537D00EFA99B /* MWParameter.h */,
				B468B07A10C9537D00EFA99B /* MWParameter.mm */,
				B468B10D10C96A0B00EFA99B /* MWChooserController.h */,
				B468B10E10C96A0B00EFA99B /* MWChooserController.mm */,
			);
			path = Classes;
			sourceTree = "<group>";
		};
		19C28FACFE9D520D11CA2CBB /* Products */ = {
			isa = PBXGroup;
			children = (
				1D6058910D05DD3D006BFB54 /* TJShowRemote.app */,
			);
			name = Products;
			sourceTree = "<group>";
		};
		29B97314FDCFA39411CA2CEA /* CustomTemplate */ = {
			isa = PBXGroup;
			children = (
				B4A98AAC10C6E702001CF473 /* TJSharedFramework.xcodeproj */,
				B4A98A7710C6E621001CF473 /* OSCPackFramework.xcodeproj */,
				B4A98A6E10C6E614001CF473 /* TinyXMLFramework.xcodeproj */,
				B4A9894910C6C99C001CF473 /* EPFramework.xcodeproj */,
				28AD733E0D9D9553002E5188 /* MainWindow.xib */,
				080E96DDFE201D6D7F000001 /* Classes */,
				29B97315FDCFA39411CA2CEA /* Other Sources */,
				29B97317FDCFA39411CA2CEA /* Resources */,
				29B97323FDCFA39411CA2CEA /* Frameworks */,
				19C28FACFE9D520D11CA2CBB /* Products */,
			);
			name = CustomTemplate;
			sourceTree = "<group>";
		};
		29B97315FDCFA39411CA2CEA /* Other Sources */ = {
			isa = PBXGroup;
			children = (
				32CA4F630368D1EE00C91783 /* Prefix.pch */,
				29B97316FDCFA39411CA2CEA /* main.mm */,
			);
			name = "Other Sources";
			sourceTree = "<group>";
		};
		29B97317FDCFA39411CA2CEA /* Resources */ = {
			isa = PBXGroup;
			children = (
				B4B99F9B10C7AFFC0048EC2D /* FavoriteAll.png */,
				B4B99F9C10C7AFFC0048EC2D /* Favorite.png */,
				B4FF221310C702D8000D47B6 /* Run.png */,
				B4528CCF10BA9B87009605EC /* ep-color.png */,
				B4528CC010BA9AA1009605EC /* ep-dim.png */,
				B4528CC110BA9AA1009605EC /* ep-fade.png */,
				B4528CBA10BA9A12009605EC /* ep-sleep.png */,
				B4528CB010BA9962009605EC /* ep-reset.png */,
				B4528C5910BA96C5009605EC /* ep-power-off.png */,
				B413B9601046C5D900587E77 /* Blue.png */,
				B413B9611046C5D900587E77 /* Gray.png */,
				B413B9621046C5D900587E77 /* Green.png */,
				B413B9631046C5D900587E77 /* Red.png */,
				B413B95E1046C3F500587E77 /* Network.png */,
				B43BF8F21046BC68002F17E1 /* Background.png */,
				B47F09E90FB627B300DB3BEE /* Default.png */,
				B47F09D80FB625FB00DB3BEE /* Logo.png */,
				8D1107310486CEB800E47090 /* Info.plist */,
				B4528C5110BA9583009605EC /* ep-icons.plist */,
			);
			name = Resources;
			sourceTree = "<group>";
		};
		29B97323FDCFA39411CA2CEA /* Frameworks */ = {
			isa = PBXGroup;
			children = (
				1DF5F4DF0D08C38300B7A737 /* UIKit.framework */,
				1D30AB110D05D00D00671497 /* Foundation.framework */,
				288765FC0DF74451002DB57D /* CoreGraphics.framework */,
			);
			name = Frameworks;
			sourceTree = "<group>";
		};
		B4A9894A10C6C99C001CF473 /* Products */ = {
			isa = PBXGroup;
			children = (
				B4A9897A10C6C99C001CF473 /* EP.framework */,
				B4A9897C10C6C99C001CF473 /* libEPMobile.a */,
			);
			name = Products;
			sourceTree = "<group>";
		};
		B4A98A6F10C6E614001CF473 /* Products */ = {
			isa = PBXGroup;
			children = (
				B4A98A7410C6E614001CF473 /* TinyXML.framework */,
				B4A98A7610C6E614001CF473 /* libTinyXMLMobile.a */,
			);
			name = Products;
			sourceTree = "<group>";
		};
		B4A98A7810C6E621001CF473 /* Products */ = {
			isa = PBXGroup;
			children = (
				B4A98A7D10C6E621001CF473 /* OSCPack.framework */,
				B4A98A7F10C6E621001CF473 /* libOSCPackMobile.a */,
			);
			name = Products;
			sourceTree = "<group>";
		};
		B4A98AAD10C6E702001CF473 /* Products */ = {
			isa = PBXGroup;
			children = (
				B4A98AB310C6E702001CF473 /* TJShared.framework */,
				B4A98AB510C6E702001CF473 /* libTJSharedMobile.a */,
			);
			name = Products;
			sourceTree = "<group>";
		};
/* End PBXGroup section */

/* Begin PBXNativeTarget section */
		1D6058900D05DD3D006BFB54 /* TJShowRemote */ = {
			isa = PBXNativeTarget;
			buildConfigurationList = 1D6058960D05DD3E006BFB54 /* Build configuration list for PBXNativeTarget "TJShowRemote" */;
			buildPhases = (
				1D60588D0D05DD3D006BFB54 /* Resources */,
				1D60588E0D05DD3D006BFB54 /* Sources */,
				1D60588F0D05DD3D006BFB54 /* Frameworks */,
			);
			buildRules = (
			);
			dependencies = (
				B4A9897E10C6C9B5001CF473 /* PBXTargetDependency */,
				B4A98A8310C6E638001CF473 /* PBXTargetDependency */,
				B4A98A8510C6E638001CF473 /* PBXTargetDependency */,
				B4A98AB810C6E70F001CF473 /* PBXTargetDependency */,
			);
			name = TJShowRemote;
			productName = TJShowConnect;
			productReference = 1D6058910D05DD3D006BFB54 /* TJShowRemote.app */;
			productType = "com.apple.product-type.application";
		};
/* End PBXNativeTarget section */

/* Begin PBXProject section */
		29B97313FDCFA39411CA2CEA /* Project object */ = {
			isa = PBXProject;
			buildConfigurationList = C01FCF4E08A954540054247B /* Build configuration list for PBXProject "Remote" */;
			compatibilityVersion = "Xcode 3.1";
			hasScannedForEncodings = 1;
			mainGroup = 29B97314FDCFA39411CA2CEA /* CustomTemplate */;
			projectDirPath = "";
			projectReferences = (
				{
					ProductGroup = B4A9894A10C6C99C001CF473 /* Products */;
					ProjectRef = B4A9894910C6C99C001CF473 /* EPFramework.xcodeproj */;
				},
				{
					ProductGroup = B4A98A7810C6E621001CF473 /* Products */;
					ProjectRef = B4A98A7710C6E621001CF473 /* OSCPackFramework.xcodeproj */;
				},
				{
					ProductGroup = B4A98A6F10C6E614001CF473 /* Products */;
					ProjectRef = B4A98A6E10C6E614001CF473 /* TinyXMLFramework.xcodeproj */;
				},
				{
					ProductGroup = B4A98AAD10C6E702001CF473 /* Products */;
					ProjectRef = B4A98AAC10C6E702001CF473 /* TJSharedFramework.xcodeproj */;
				},
			);
			projectRoot = "";
			targets = (
				1D6058900D05DD3D006BFB54 /* TJShowRemote */,
			);
		};
/* End PBXProject section */

/* Begin PBXReferenceProxy section */
		B4A9897A10C6C99C001CF473 /* EP.framework */ = {
			isa = PBXReferenceProxy;
			fileType = wrapper.framework;
			path = EP.framework;
			remoteRef = B4A9897910C6C99C001CF473 /* PBXContainerItemProxy */;
			sourceTree = BUILT_PRODUCTS_DIR;
		};
		B4A9897C10C6C99C001CF473 /* libEPMobile.a */ = {
			isa = PBXReferenceProxy;
			fileType = archive.ar;
			path = libEPMobile.a;
			remoteRef = B4A9897B10C6C99C001CF473 /* PBXContainerItemProxy */;
			sourceTree = BUILT_PRODUCTS_DIR;
		};
		B4A98A7410C6E614001CF473 /* TinyXML.framework */ = {
			isa = PBXReferenceProxy;
			fileType = wrapper.framework;
			path = TinyXML.framework;
			remoteRef = B4A98A7310C6E614001CF473 /* PBXContainerItemProxy */;
			sourceTree = BUILT_PRODUCTS_DIR;
		};
		B4A98A7610C6E614001CF473 /* libTinyXMLMobile.a */ = {
			isa = PBXReferenceProxy;
			fileType = archive.ar;
			path = libTinyXMLMobile.a;
			remoteRef = B4A98A7510C6E614001CF473 /* PBXContainerItemProxy */;
			sourceTree = BUILT_PRODUCTS_DIR;
		};
		B4A98A7D10C6E621001CF473 /* OSCPack.framework */ = {
			isa = PBXReferenceProxy;
			fileType = wrapper.framework;
			path = OSCPack.framework;
			remoteRef = B4A98A7C10C6E621001CF473 /* PBXContainerItemProxy */;
			sourceTree = BUILT_PRODUCTS_DIR;
		};
		B4A98A7F10C6E621001CF473 /* libOSCPackMobile.a */ = {
			isa = PBXReferenceProxy;
			fileType = archive.ar;
			path = libOSCPackMobile.a;
			remoteRef = B4A98A7E10C6E621001CF473 /* PBXContainerItemProxy */;
			sourceTree = BUILT_PRODUCTS_DIR;
		};
		B4A98AB310C6E702001CF473 /* TJShared.framework */ = {
			isa = PBXReferenceProxy;
			fileType = wrapper.framework;
			path = TJShared.framework;
			remoteRef = B4A98AB210C6E702001CF473 /* PBXContainerItemProxy */;
			sourceTree = BUILT_PRODUCTS_DIR;
		};
		B4A98AB510C6E702001CF473 /* libTJSharedMobile.a */ = {
			isa = PBXReferenceProxy;
			fileType = archive.ar;
			path = libTJSharedMobile.a;
			remoteRef = B4A98AB410C6E702001CF473 /* PBXContainerItemProxy */;
			sourceTree = BUILT_PRODUCTS_DIR;
		};
/* End PBXReferenceProxy section */

/* Begin PBXResourcesBuildPhase section */
		1D60588D0D05DD3D006BFB54 /* Resources */ = {
			isa = PBXResourcesBuildPhase;
			buildActionMask = 2147483647;
			files = (
				28AD733F0D9D9553002E5188 /* MainWindow.xib in Resources */,
				B47F09D90FB625FB00DB3BEE /* Logo.png in Resources */,
				B47F09EA0FB627B300DB3BEE /* Default.png in Resources */,
				B43BF8F31046BC68002F17E1 /* Background.png in Resources */,
				B413B95F1046C3F500587E77 /* Network.png in Resources */,
				B413B9641046C5D900587E77 /* Blue.png in Resources */,
				B413B9651046C5D900587E77 /* Gray.png in Resources */,
				B413B9661046C5D900587E77 /* Green.png in Resources */,
				B413B9671046C5D900587E77 /* Red.png in Resources */,
				B4528C5210BA9583009605EC /* ep-icons.plist in Resources */,
				B4528C5A10BA96C5009605EC /* ep-power-off.png in Resources */,
				B4528CB110BA9962009605EC /* ep-reset.png in Resources */,
				B4528CBB10BA9A12009605EC /* ep-sleep.png in Resources */,
				B4528CC210BA9AA1009605EC /* ep-dim.png in Resources */,
				B4528CC310BA9AA1009605EC /* ep-fade.png in Resources */,
				B4528CD010BA9B87009605EC /* ep-color.png in Resources */,
				B4FF221410C702D8000D47B6 /* Run.png in Resources */,
				B4B99F9D10C7AFFC0048EC2D /* FavoriteAll.png in Resources */,
				B4B99F9E10C7AFFC0048EC2D /* Favorite.png in Resources */,
			);
			runOnlyForDeploymentPostprocessing = 0;
		};
/* End PBXResourcesBuildPhase section */

/* Begin PBXSourcesBuildPhase section */
		1D60588E0D05DD3D006BFB54 /* Sources */ = {
			isa = PBXSourcesBuildPhase;
			buildActionMask = 2147483647;
			files = (
				1D60589B0D05DD56006BFB54 /* main.mm in Sources */,
				1D3623260D0F684500981E51 /* MWAppDelegate.mm in Sources */,
				B47F0A320FB6295700DB3BEE /* MWClient.mm in Sources */,
				B4E617B3108270C8004D7C02 /* MWEndpointsTableViewController.mm in Sources */,
				B4E618841082779C004D7C02 /* MWEndpoint.mm in Sources */,
				B46AC5F21083899A00EAE42C /* MWMethod.mm in Sources */,
				B46AC61D10838C8C00EAE42C /* MWMethodTableViewController.mm in Sources */,
				B499D012108BA6F5002E1F92 /* MWParameterTableViewController.mm in Sources */,
				B48DC250108CC6B1002AB313 /* MWDownload.mm in Sources */,
				B4A98C5610C6FC3A001CF473 /* MWHeaderView.m in Sources */,
				B4FF229B10C71B12000D47B6 /* MWFavoritesTableViewController.mm in Sources */,
				B4FF22E510C71ED0000D47B6 /* MWFavorite.mm in Sources */,
				B4FF231510C721E2000D47B6 /* MWSliderView.mm in Sources */,
				B4B9A0D110C7BFCA0048EC2D /* MWInputAlertView.mm in Sources */,
				B468B07710C952A300EFA99B /* MWOptionView.mm in Sources */,
				B468B07B10C9537D00EFA99B /* MWParameter.mm in Sources */,
				B468B10F10C96A0B00EFA99B /* MWChooserController.mm in Sources */,
			);
			runOnlyForDeploymentPostprocessing = 0;
		};
/* End PBXSourcesBuildPhase section */

/* Begin PBXTargetDependency section */
		B4A9897E10C6C9B5001CF473 /* PBXTargetDependency */ = {
			isa = PBXTargetDependency;
			name = EPMobile;
			targetProxy = B4A9897D10C6C9B5001CF473 /* PBXContainerItemProxy */;
		};
		B4A98A8310C6E638001CF473 /* PBXTargetDependency */ = {
			isa = PBXTargetDependency;
			name = OSCPackMobile;
			targetProxy = B4A98A8210C6E638001CF473 /* PBXContainerItemProxy */;
		};
		B4A98A8510C6E638001CF473 /* PBXTargetDependency */ = {
			isa = PBXTargetDependency;
			name = TinyXMLMobile;
			targetProxy = B4A98A8410C6E638001CF473 /* PBXContainerItemProxy */;
		};
		B4A98AB810C6E70F001CF473 /* PBXTargetDependency */ = {
			isa = PBXTargetDependency;
			name = TJSharedMobile;
			targetProxy = B4A98AB710C6E70F001CF473 /* PBXContainerItemProxy */;
		};
/* End PBXTargetDependency section */

/* Begin XCBuildConfiguration section */
		1D6058940D05DD3E006BFB54 /* Debug */ = {
			isa = XCBuildConfiguration;
			buildSettings = {
				ALWAYS_SEARCH_USER_PATHS = NO;
				COPY_PHASE_STRIP = NO;
				GCC_DYNAMIC_NO_PIC = NO;
				GCC_OPTIMIZATION_LEVEL = 0;
				GCC_PRECOMPILE_PREFIX_HEADER = YES;
				GCC_PREFIX_HEADER = "";
				GCC_PREPROCESSOR_DEFINITIONS = DEBUG;
				INFOPLIST_FILE = Info.plist;
				PRODUCT_NAME = TJShowConnect;
			};
			name = Debug;
		};
		1D6058950D05DD3E006BFB54 /* Release */ = {
			isa = XCBuildConfiguration;
			buildSettings = {
				ALWAYS_SEARCH_USER_PATHS = NO;
				COPY_PHASE_STRIP = YES;
				GCC_PRECOMPILE_PREFIX_HEADER = YES;
				GCC_PREFIX_HEADER = Prefix.pch;
				GCC_PREPROCESSOR_DEFINITIONS = DEBUG;
				INFOPLIST_FILE = Info.plist;
				PRODUCT_NAME = TJShowRemote;
			};
			name = Release;
		};
		B4161F4410A98AAB00B39D1A /* Distribution */ = {
			isa = XCBuildConfiguration;
			buildSettings = {
				ARCHS = "$(ARCHS_STANDARD_32_BIT)";
				"CODE_SIGN_IDENTITY[sdk=iphoneos*]" = "iPhone Distribution";
				CONFIGURATION_BUILD_DIR = "$(BUILD_DIR)/$(CONFIGURATION)$(EFFECTIVE_PLATFORM_NAME)";
				GCC_C_LANGUAGE_STANDARD = c99;
				GCC_WARN_ABOUT_RETURN_TYPE = YES;
				GCC_WARN_UNUSED_VARIABLE = YES;
				HEADER_SEARCH_PATHS = (
					../../Libraries/,
					../../,
				);
				PREBINDING = NO;
				"PROVISIONING_PROFILE[sdk=iphoneos*]" = "";
				SDKROOT = iphoneos3.1.2;
				SYMROOT = ../../build;
			};
			name = Distribution;
		};
		B4161F4510A98AAB00B39D1A /* Distribution */ = {
			isa = XCBuildConfiguration;
			buildSettings = {
				ALWAYS_SEARCH_USER_PATHS = NO;
				COPY_PHASE_STRIP = YES;
				GCC_PRECOMPILE_PREFIX_HEADER = YES;
				GCC_PREFIX_HEADER = Prefix.pch;
				GCC_PREPROCESSOR_DEFINITIONS = DEBUG;
				INFOPLIST_FILE = Info.plist;
				PRODUCT_NAME = TJShowRemote;
			};
			name = Distribution;
		};
		C01FCF4F08A954540054247B /* Debug */ = {
			isa = XCBuildConfiguration;
			buildSettings = {
				ARCHS = "$(ARCHS_STANDARD_32_BIT)";
				"CODE_SIGN_IDENTITY[sdk=iphoneos*]" = "iPhone Developer";
				GCC_C_LANGUAGE_STANDARD = c99;
				GCC_WARN_ABOUT_RETURN_TYPE = YES;
				GCC_WARN_UNUSED_VARIABLE = YES;
				HEADER_SEARCH_PATHS = (
					../../Libraries/,
					../../,
				);
				ONLY_ACTIVE_ARCH = YES;
				PREBINDING = NO;
				SDKROOT = iphoneos3.0;
			};
			name = Debug;
		};
		C01FCF5008A954540054247B /* Release */ = {
			isa = XCBuildConfiguration;
			buildSettings = {
				ARCHS = "$(ARCHS_STANDARD_32_BIT)";
				"CODE_SIGN_IDENTITY[sdk=iphoneos*]" = "iPhone Distribution";
				CONFIGURATION_BUILD_DIR = "$(BUILD_DIR)/$(CONFIGURATION)$(EFFECTIVE_PLATFORM_NAME)";
				GCC_C_LANGUAGE_STANDARD = c99;
				GCC_WARN_ABOUT_RETURN_TYPE = YES;
				GCC_WARN_UNUSED_VARIABLE = YES;
				HEADER_SEARCH_PATHS = (
					../../Libraries/,
					../../,
				);
				PREBINDING = NO;
				"PROVISIONING_PROFILE[sdk=iphoneos*]" = "";
				SDKROOT = iphoneos3.1.2;
				SYMROOT = ../../build;
			};
			name = Release;
		};
/* End XCBuildConfiguration section */

/* Begin XCConfigurationList section */
		1D6058960D05DD3E006BFB54 /* Build configuration list for PBXNativeTarget "TJShowRemote" */ = {
			isa = XCConfigurationList;
			buildConfigurations = (
				1D6058940D05DD3E006BFB54 /* Debug */,
				1D6058950D05DD3E006BFB54 /* Release */,
				B4161F4510A98AAB00B39D1A /* Distribution */,
			);
			defaultConfigurationIsVisible = 0;
			defaultConfigurationName = Release;
		};
		C01FCF4E08A954540054247B /* Build configuration list for PBXProject "Remote" */ = {
			isa = XCConfigurationList;
			buildConfigurations = (
				C01FCF4F08A954540054247B /* Debug */,
				C01FCF5008A954540054247B /* Release */,
				B4161F4410A98AAB00B39D1A /* Distribution */,
			);
			defaultConfigurationIsVisible = 0;
			defaultConfigurationName = Release;
		};
/* End XCConfigurationList section */
	};
	rootObject = 29B97313FDCFA39411CA2CEA /* Project object */;
}
