// !$*UTF8*$!
{
	archiveVersion = 1;
	classes = {
	};
	objectVersion = 45;
	objects = {

/* Begin PBXBuildFile section */
		1D3623260D0F684500981E51 /* MWAppDelegate.mm in Sources */ = {isa = PBXBuildFile; fileRef = 1D3623250D0F684500981E51 /* MWAppDelegate.mm */; };
		1D60589B0D05DD56006BFB54 /* main.m in Sources */ = {isa = PBXBuildFile; fileRef = 29B97316FDCFA39411CA2CEA /* main.m */; };
		1D60589F0D05DD5A006BFB54 /* Foundation.framework in Frameworks */ = {isa = PBXBuildFile; fileRef = 1D30AB110D05D00D00671497 /* Foundation.framework */; };
		1DF5F4E00D08C38300B7A737 /* UIKit.framework in Frameworks */ = {isa = PBXBuildFile; fileRef = 1DF5F4DF0D08C38300B7A737 /* UIKit.framework */; };
		288765FD0DF74451002DB57D /* CoreGraphics.framework in Frameworks */ = {isa = PBXBuildFile; fileRef = 288765FC0DF74451002DB57D /* CoreGraphics.framework */; };
		28AD733F0D9D9553002E5188 /* MainWindow.xib in Resources */ = {isa = PBXBuildFile; fileRef = 28AD733E0D9D9553002E5188 /* MainWindow.xib */; };
		B413B95F1046C3F500587E77 /* Network.png in Resources */ = {isa = PBXBuildFile; fileRef = B413B95E1046C3F500587E77 /* Network.png */; };
		B413B9641046C5D900587E77 /* Blue.png in Resources */ = {isa = PBXBuildFile; fileRef = B413B9601046C5D900587E77 /* Blue.png */; };
		B413B9651046C5D900587E77 /* Gray.png in Resources */ = {isa = PBXBuildFile; fileRef = B413B9611046C5D900587E77 /* Gray.png */; };
		B413B9661046C5D900587E77 /* Green.png in Resources */ = {isa = PBXBuildFile; fileRef = B413B9621046C5D900587E77 /* Green.png */; };
		B413B9671046C5D900587E77 /* Red.png in Resources */ = {isa = PBXBuildFile; fileRef = B413B9631046C5D900587E77 /* Red.png */; };
		B43BF8F31046BC68002F17E1 /* Background.png in Resources */ = {isa = PBXBuildFile; fileRef = B43BF8F21046BC68002F17E1 /* Background.png */; };
		B4528C5210BA9583009605EC /* ep-icons.plist in Resources */ = {isa = PBXBuildFile; fileRef = B4528C5110BA9583009605EC /* ep-icons.plist */; };
		B4528C5A10BA96C5009605EC /* ep-power-off.png in Resources */ = {isa = PBXBuildFile; fileRef = B4528C5910BA96C5009605EC /* ep-power-off.png */; };
		B4528CB110BA9962009605EC /* ep-reset.png in Resources */ = {isa = PBXBuildFile; fileRef = B4528CB010BA9962009605EC /* ep-reset.png */; };
		B4528CBB10BA9A12009605EC /* ep-sleep.png in Resources */ = {isa = PBXBuildFile; fileRef = B4528CBA10BA9A12009605EC /* ep-sleep.png */; };
		B4528CC210BA9AA1009605EC /* ep-dim.png in Resources */ = {isa = PBXBuildFile; fileRef = B4528CC010BA9AA1009605EC /* ep-dim.png */; };
		B4528CC310BA9AA1009605EC /* ep-fade.png in Resources */ = {isa = PBXBuildFile; fileRef = B4528CC110BA9AA1009605EC /* ep-fade.png */; };
		B4528CD010BA9B87009605EC /* ep-color.png in Resources */ = {isa = PBXBuildFile; fileRef = B4528CCF10BA9B87009605EC /* ep-color.png */; };
		B46AC5F21083899A00EAE42C /* MWMethod.mm in Sources */ = {isa = PBXBuildFile; fileRef = B46AC5F11083899A00EAE42C /* MWMethod.mm */; };
		B46AC61D10838C8C00EAE42C /* MWMethodTableViewController.mm in Sources */ = {isa = PBXBuildFile; fileRef = B46AC61C10838C8C00EAE42C /* MWMethodTableViewController.mm */; };
		B47F09D90FB625FB00DB3BEE /* Logo.png in Resources */ = {isa = PBXBuildFile; fileRef = B47F09D80FB625FB00DB3BEE /* Logo.png */; };
		B47F09EA0FB627B300DB3BEE /* Default.png in Resources */ = {isa = PBXBuildFile; fileRef = B47F09E90FB627B300DB3BEE /* Default.png */; };
		B47F0A320FB6295700DB3BEE /* MWClient.mm in Sources */ = {isa = PBXBuildFile; fileRef = B47F0A310FB6295700DB3BEE /* MWClient.mm */; };
		B48DC250108CC6B1002AB313 /* MWDownload.mm in Sources */ = {isa = PBXBuildFile; fileRef = B48DC24F108CC6B1002AB313 /* MWDownload.mm */; };
		B499D012108BA6F5002E1F92 /* MWParameterTableViewController.mm in Sources */ = {isa = PBXBuildFile; fileRef = B499D011108BA6F5002E1F92 /* MWParameterTableViewController.mm */; };
		B4E6177010826EDE004D7C02 /* tinystr.cpp in Sources */ = {isa = PBXBuildFile; fileRef = B4E6176A10826EDE004D7C02 /* tinystr.cpp */; };
		B4E6177110826EDE004D7C02 /* tinyxml.cpp in Sources */ = {isa = PBXBuildFile; fileRef = B4E6176C10826EDE004D7C02 /* tinyxml.cpp */; };
		B4E6177210826EDE004D7C02 /* tinyxmlerror.cpp in Sources */ = {isa = PBXBuildFile; fileRef = B4E6176E10826EDE004D7C02 /* tinyxmlerror.cpp */; };
		B4E6177310826EDE004D7C02 /* tinyxmlparser.cpp in Sources */ = {isa = PBXBuildFile; fileRef = B4E6176F10826EDE004D7C02 /* tinyxmlparser.cpp */; };
		B4E617B3108270C8004D7C02 /* MWEndpointsTableViewController.mm in Sources */ = {isa = PBXBuildFile; fileRef = B4E617B2108270C8004D7C02 /* MWEndpointsTableViewController.mm */; };
		B4E618841082779C004D7C02 /* MWEndpoint.mm in Sources */ = {isa = PBXBuildFile; fileRef = B4E618831082779C004D7C02 /* MWEndpoint.mm */; };
		B4F0AE8710B9E1BA00351BAA /* IpEndpointName.cpp in Sources */ = {isa = PBXBuildFile; fileRef = B4F0AE7210B9E1BA00351BAA /* IpEndpointName.cpp */; };
		B4F0AE8810B9E1BA00351BAA /* OscOutboundPacketStream.cpp in Sources */ = {isa = PBXBuildFile; fileRef = B4F0AE7810B9E1BA00351BAA /* OscOutboundPacketStream.cpp */; };
		B4F0AE8910B9E1BA00351BAA /* OscPrintReceivedElements.cpp in Sources */ = {isa = PBXBuildFile; fileRef = B4F0AE7B10B9E1BA00351BAA /* OscPrintReceivedElements.cpp */; };
		B4F0AE8A10B9E1BA00351BAA /* OscReceivedElements.cpp in Sources */ = {isa = PBXBuildFile; fileRef = B4F0AE7D10B9E1BA00351BAA /* OscReceivedElements.cpp */; };
		B4F0AE8B10B9E1BA00351BAA /* OscTypes.cpp in Sources */ = {isa = PBXBuildFile; fileRef = B4F0AE7F10B9E1BA00351BAA /* OscTypes.cpp */; };
		B4F0AE8C10B9E1BA00351BAA /* NetworkingUtils.cpp in Sources */ = {isa = PBXBuildFile; fileRef = B4F0AE8310B9E1BA00351BAA /* NetworkingUtils.cpp */; };
		B4F0AE8D10B9E1BA00351BAA /* UdpSocket.cpp in Sources */ = {isa = PBXBuildFile; fileRef = B4F0AE8410B9E1BA00351BAA /* UdpSocket.cpp */; };
/* End PBXBuildFile section */

/* Begin PBXFileReference section */
		1D30AB110D05D00D00671497 /* Foundation.framework */ = {isa = PBXFileReference; lastKnownFileType = wrapper.framework; name = Foundation.framework; path = System/Library/Frameworks/Foundation.framework; sourceTree = SDKROOT; };
		1D3623240D0F684500981E51 /* MWAppDelegate.h */ = {isa = PBXFileReference; fileEncoding = 4; lastKnownFileType = sourcecode.c.h; path = MWAppDelegate.h; sourceTree = "<group>"; };
		1D3623250D0F684500981E51 /* MWAppDelegate.mm */ = {isa = PBXFileReference; fileEncoding = 4; lastKnownFileType = sourcecode.cpp.objcpp; path = MWAppDelegate.mm; sourceTree = "<group>"; };
		1D6058910D05DD3D006BFB54 /* TJShowRemote.app */ = {isa = PBXFileReference; explicitFileType = wrapper.application; includeInIndex = 0; path = TJShowRemote.app; sourceTree = BUILT_PRODUCTS_DIR; };
		1DF5F4DF0D08C38300B7A737 /* UIKit.framework */ = {isa = PBXFileReference; lastKnownFileType = wrapper.framework; name = UIKit.framework; path = System/Library/Frameworks/UIKit.framework; sourceTree = SDKROOT; };
		288765FC0DF74451002DB57D /* CoreGraphics.framework */ = {isa = PBXFileReference; lastKnownFileType = wrapper.framework; name = CoreGraphics.framework; path = System/Library/Frameworks/CoreGraphics.framework; sourceTree = SDKROOT; };
		28AD733E0D9D9553002E5188 /* MainWindow.xib */ = {isa = PBXFileReference; lastKnownFileType = file.xib; path = MainWindow.xib; sourceTree = "<group>"; };
		29B97316FDCFA39411CA2CEA /* main.m */ = {isa = PBXFileReference; fileEncoding = 4; lastKnownFileType = sourcecode.c.objc; path = main.m; sourceTree = "<group>"; };
		32CA4F630368D1EE00C91783 /* Prefix.pch */ = {isa = PBXFileReference; fileEncoding = 4; lastKnownFileType = sourcecode.c.h; path = Prefix.pch; sourceTree = "<group>"; };
		8D1107310486CEB800E47090 /* Info.plist */ = {isa = PBXFileReference; fileEncoding = 4; lastKnownFileType = text.plist.xml; path = Info.plist; sourceTree = "<group>"; };
		B413B95E1046C3F500587E77 /* Network.png */ = {isa = PBXFileReference; lastKnownFileType = image.png; name = Network.png; path = Resources/Network.png; sourceTree = "<group>"; };
		B413B9601046C5D900587E77 /* Blue.png */ = {isa = PBXFileReference; lastKnownFileType = image.png; name = Blue.png; path = Resources/Blue.png; sourceTree = "<group>"; };
		B413B9611046C5D900587E77 /* Gray.png */ = {isa = PBXFileReference; lastKnownFileType = image.png; name = Gray.png; path = Resources/Gray.png; sourceTree = "<group>"; };
		B413B9621046C5D900587E77 /* Green.png */ = {isa = PBXFileReference; lastKnownFileType = image.png; name = Green.png; path = Resources/Green.png; sourceTree = "<group>"; };
		B413B9631046C5D900587E77 /* Red.png */ = {isa = PBXFileReference; lastKnownFileType = image.png; name = Red.png; path = Resources/Red.png; sourceTree = "<group>"; };
		B43BF8F21046BC68002F17E1 /* Background.png */ = {isa = PBXFileReference; lastKnownFileType = image.png; path = Background.png; sourceTree = "<group>"; };
		B4528C5110BA9583009605EC /* ep-icons.plist */ = {isa = PBXFileReference; fileEncoding = 4; lastKnownFileType = text.plist.xml; path = "ep-icons.plist"; sourceTree = "<group>"; };
		B4528C5910BA96C5009605EC /* ep-power-off.png */ = {isa = PBXFileReference; lastKnownFileType = image.png; name = "ep-power-off.png"; path = "Resources/Icons/ep-power-off.png"; sourceTree = "<group>"; };
		B4528CB010BA9962009605EC /* ep-reset.png */ = {isa = PBXFileReference; lastKnownFileType = image.png; name = "ep-reset.png"; path = "Resources/Icons/ep-reset.png"; sourceTree = "<group>"; };
		B4528CBA10BA9A12009605EC /* ep-sleep.png */ = {isa = PBXFileReference; lastKnownFileType = image.png; name = "ep-sleep.png"; path = "Resources/Icons/ep-sleep.png"; sourceTree = "<group>"; };
		B4528CC010BA9AA1009605EC /* ep-dim.png */ = {isa = PBXFileReference; lastKnownFileType = image.png; name = "ep-dim.png"; path = "Resources/Icons/ep-dim.png"; sourceTree = "<group>"; };
		B4528CC110BA9AA1009605EC /* ep-fade.png */ = {isa = PBXFileReference; lastKnownFileType = image.png; name = "ep-fade.png"; path = "Resources/Icons/ep-fade.png"; sourceTree = "<group>"; };
		B4528CCF10BA9B87009605EC /* ep-color.png */ = {isa = PBXFileReference; lastKnownFileType = image.png; name = "ep-color.png"; path = "Resources/Icons/ep-color.png"; sourceTree = "<group>"; };
		B46AC5F01083899A00EAE42C /* MWMethod.h */ = {isa = PBXFileReference; fileEncoding = 4; lastKnownFileType = sourcecode.c.h; path = MWMethod.h; sourceTree = "<group>"; };
		B46AC5F11083899A00EAE42C /* MWMethod.mm */ = {isa = PBXFileReference; fileEncoding = 4; lastKnownFileType = sourcecode.cpp.objcpp; path = MWMethod.mm; sourceTree = "<group>"; };
		B46AC61B10838C8C00EAE42C /* MWMethodTableViewController.h */ = {isa = PBXFileReference; fileEncoding = 4; lastKnownFileType = sourcecode.c.h; path = MWMethodTableViewController.h; sourceTree = "<group>"; };
		B46AC61C10838C8C00EAE42C /* MWMethodTableViewController.mm */ = {isa = PBXFileReference; fileEncoding = 4; lastKnownFileType = sourcecode.cpp.objcpp; path = MWMethodTableViewController.mm; sourceTree = "<group>"; };
		B47F09D80FB625FB00DB3BEE /* Logo.png */ = {isa = PBXFileReference; lastKnownFileType = image.png; name = Logo.png; path = Resources/Logo.png; sourceTree = "<group>"; };
		B47F09E90FB627B300DB3BEE /* Default.png */ = {isa = PBXFileReference; lastKnownFileType = image.png; name = Default.png; path = Resources/Default.png; sourceTree = "<group>"; };
		B47F0A300FB6295700DB3BEE /* MWClient.h */ = {isa = PBXFileReference; fileEncoding = 4; lastKnownFileType = sourcecode.c.h; path = MWClient.h; sourceTree = "<group>"; };
		B47F0A310FB6295700DB3BEE /* MWClient.mm */ = {isa = PBXFileReference; fileEncoding = 4; lastKnownFileType = sourcecode.cpp.objcpp; path = MWClient.mm; sourceTree = "<group>"; };
		B48DC24E108CC6B1002AB313 /* MWDownload.h */ = {isa = PBXFileReference; fileEncoding = 4; lastKnownFileType = sourcecode.c.h; path = MWDownload.h; sourceTree = "<group>"; };
		B48DC24F108CC6B1002AB313 /* MWDownload.mm */ = {isa = PBXFileReference; fileEncoding = 4; lastKnownFileType = sourcecode.cpp.objcpp; path = MWDownload.mm; sourceTree = "<group>"; };
		B499D010108BA6F5002E1F92 /* MWParameterTableViewController.h */ = {isa = PBXFileReference; fileEncoding = 4; lastKnownFileType = sourcecode.c.h; path = MWParameterTableViewController.h; sourceTree = "<group>"; };
		B499D011108BA6F5002E1F92 /* MWParameterTableViewController.mm */ = {isa = PBXFileReference; fileEncoding = 4; lastKnownFileType = sourcecode.cpp.objcpp; path = MWParameterTableViewController.mm; sourceTree = "<group>"; };
		B4E6176A10826EDE004D7C02 /* tinystr.cpp */ = {isa = PBXFileReference; fileEncoding = 4; lastKnownFileType = sourcecode.cpp.cpp; name = tinystr.cpp; path = ../../Libraries/TinyXML/tinystr.cpp; sourceTree = SOURCE_ROOT; };
		B4E6176B10826EDE004D7C02 /* tinystr.h */ = {isa = PBXFileReference; fileEncoding = 4; lastKnownFileType = sourcecode.c.h; name = tinystr.h; path = ../../Libraries/TinyXML/tinystr.h; sourceTree = SOURCE_ROOT; };
		B4E6176C10826EDE004D7C02 /* tinyxml.cpp */ = {isa = PBXFileReference; fileEncoding = 4; lastKnownFileType = sourcecode.cpp.cpp; name = tinyxml.cpp; path = ../../Libraries/TinyXML/tinyxml.cpp; sourceTree = SOURCE_ROOT; };
		B4E6176D10826EDE004D7C02 /* tinyxml.h */ = {isa = PBXFileReference; fileEncoding = 4; lastKnownFileType = sourcecode.c.h; name = tinyxml.h; path = ../../Libraries/TinyXML/tinyxml.h; sourceTree = SOURCE_ROOT; };
		B4E6176E10826EDE004D7C02 /* tinyxmlerror.cpp */ = {isa = PBXFileReference; fileEncoding = 4; lastKnownFileType = sourcecode.cpp.cpp; name = tinyxmlerror.cpp; path = ../../Libraries/TinyXML/tinyxmlerror.cpp; sourceTree = SOURCE_ROOT; };
		B4E6176F10826EDE004D7C02 /* tinyxmlparser.cpp */ = {isa = PBXFileReference; fileEncoding = 4; lastKnownFileType = sourcecode.cpp.cpp; name = tinyxmlparser.cpp; path = ../../Libraries/TinyXML/tinyxmlparser.cpp; sourceTree = SOURCE_ROOT; };
		B4E617B1108270C8004D7C02 /* MWEndpointsTableViewController.h */ = {isa = PBXFileReference; fileEncoding = 4; lastKnownFileType = sourcecode.c.h; path = MWEndpointsTableViewController.h; sourceTree = "<group>"; };
		B4E617B2108270C8004D7C02 /* MWEndpointsTableViewController.mm */ = {isa = PBXFileReference; fileEncoding = 4; lastKnownFileType = sourcecode.cpp.objcpp; path = MWEndpointsTableViewController.mm; sourceTree = "<group>"; };
		B4E618821082779C004D7C02 /* MWEndpoint.h */ = {isa = PBXFileReference; fileEncoding = 4; lastKnownFileType = sourcecode.c.h; path = MWEndpoint.h; sourceTree = "<group>"; };
		B4E618831082779C004D7C02 /* MWEndpoint.mm */ = {isa = PBXFileReference; fileEncoding = 4; lastKnownFileType = sourcecode.cpp.objcpp; path = MWEndpoint.mm; sourceTree = "<group>"; };
		B4F0AE7210B9E1BA00351BAA /* IpEndpointName.cpp */ = {isa = PBXFileReference; fileEncoding = 4; lastKnownFileType = sourcecode.cpp.cpp; name = IpEndpointName.cpp; path = ../../Libraries/OSCPack/IpEndpointName.cpp; sourceTree = SOURCE_ROOT; };
		B4F0AE7310B9E1BA00351BAA /* IpEndpointName.h */ = {isa = PBXFileReference; fileEncoding = 4; lastKnownFileType = sourcecode.c.h; name = IpEndpointName.h; path = ../../Libraries/OSCPack/IpEndpointName.h; sourceTree = SOURCE_ROOT; };
		B4F0AE7410B9E1BA00351BAA /* MessageMappingOscPacketListener.h */ = {isa = PBXFileReference; fileEncoding = 4; lastKnownFileType = sourcecode.c.h; name = MessageMappingOscPacketListener.h; path = ../../Libraries/OSCPack/MessageMappingOscPacketListener.h; sourceTree = SOURCE_ROOT; };
		B4F0AE7510B9E1BA00351BAA /* NetworkingUtils.h */ = {isa = PBXFileReference; fileEncoding = 4; lastKnownFileType = sourcecode.c.h; name = NetworkingUtils.h; path = ../../Libraries/OSCPack/NetworkingUtils.h; sourceTree = SOURCE_ROOT; };
		B4F0AE7610B9E1BA00351BAA /* OscException.h */ = {isa = PBXFileReference; fileEncoding = 4; lastKnownFileType = sourcecode.c.h; name = OscException.h; path = ../../Libraries/OSCPack/OscException.h; sourceTree = SOURCE_ROOT; };
		B4F0AE7710B9E1BA00351BAA /* OscHostEndianness.h */ = {isa = PBXFileReference; fileEncoding = 4; lastKnownFileType = sourcecode.c.h; name = OscHostEndianness.h; path = ../../Libraries/OSCPack/OscHostEndianness.h; sourceTree = SOURCE_ROOT; };
		B4F0AE7810B9E1BA00351BAA /* OscOutboundPacketStream.cpp */ = {isa = PBXFileReference; fileEncoding = 4; lastKnownFileType = sourcecode.cpp.cpp; name = OscOutboundPacketStream.cpp; path = ../../Libraries/OSCPack/OscOutboundPacketStream.cpp; sourceTree = SOURCE_ROOT; };
		B4F0AE7910B9E1BA00351BAA /* OscOutboundPacketStream.h */ = {isa = PBXFileReference; fileEncoding = 4; lastKnownFileType = sourcecode.c.h; name = OscOutboundPacketStream.h; path = ../../Libraries/OSCPack/OscOutboundPacketStream.h; sourceTree = SOURCE_ROOT; };
		B4F0AE7A10B9E1BA00351BAA /* OscPacketListener.h */ = {isa = PBXFileReference; fileEncoding = 4; lastKnownFileType = sourcecode.c.h; name = OscPacketListener.h; path = ../../Libraries/OSCPack/OscPacketListener.h; sourceTree = SOURCE_ROOT; };
		B4F0AE7B10B9E1BA00351BAA /* OscPrintReceivedElements.cpp */ = {isa = PBXFileReference; fileEncoding = 4; lastKnownFileType = sourcecode.cpp.cpp; name = OscPrintReceivedElements.cpp; path = ../../Libraries/OSCPack/OscPrintReceivedElements.cpp; sourceTree = SOURCE_ROOT; };
		B4F0AE7C10B9E1BA00351BAA /* OscPrintReceivedElements.h */ = {isa = PBXFileReference; fileEncoding = 4; lastKnownFileType = sourcecode.c.h; name = OscPrintReceivedElements.h; path = ../../Libraries/OSCPack/OscPrintReceivedElements.h; sourceTree = SOURCE_ROOT; };
		B4F0AE7D10B9E1BA00351BAA /* OscReceivedElements.cpp */ = {isa = PBXFileReference; fileEncoding = 4; lastKnownFileType = sourcecode.cpp.cpp; name = OscReceivedElements.cpp; path = ../../Libraries/OSCPack/OscReceivedElements.cpp; sourceTree = SOURCE_ROOT; };
		B4F0AE7E10B9E1BA00351BAA /* OscReceivedElements.h */ = {isa = PBXFileReference; fileEncoding = 4; lastKnownFileType = sourcecode.c.h; name = OscReceivedElements.h; path = ../../Libraries/OSCPack/OscReceivedElements.h; sourceTree = SOURCE_ROOT; };
		B4F0AE7F10B9E1BA00351BAA /* OscTypes.cpp */ = {isa = PBXFileReference; fileEncoding = 4; lastKnownFileType = sourcecode.cpp.cpp; name = OscTypes.cpp; path = ../../Libraries/OSCPack/OscTypes.cpp; sourceTree = SOURCE_ROOT; };
		B4F0AE8010B9E1BA00351BAA /* OscTypes.h */ = {isa = PBXFileReference; fileEncoding = 4; lastKnownFileType = sourcecode.c.h; name = OscTypes.h; path = ../../Libraries/OSCPack/OscTypes.h; sourceTree = SOURCE_ROOT; };
		B4F0AE8110B9E1BA00351BAA /* PacketListener.h */ = {isa = PBXFileReference; fileEncoding = 4; lastKnownFileType = sourcecode.c.h; name = PacketListener.h; path = ../../Libraries/OSCPack/PacketListener.h; sourceTree = SOURCE_ROOT; };
		B4F0AE8310B9E1BA00351BAA /* NetworkingUtils.cpp */ = {isa = PBXFileReference; fileEncoding = 4; lastKnownFileType = sourcecode.cpp.cpp; path = NetworkingUtils.cpp; sourceTree = "<group>"; };
		B4F0AE8410B9E1BA00351BAA /* UdpSocket.cpp */ = {isa = PBXFileReference; fileEncoding = 4; lastKnownFileType = sourcecode.cpp.cpp; path = UdpSocket.cpp; sourceTree = "<group>"; };
		B4F0AE8510B9E1BA00351BAA /* TimerListener.h */ = {isa = PBXFileReference; fileEncoding = 4; lastKnownFileType = sourcecode.c.h; name = TimerListener.h; path = ../../Libraries/OSCPack/TimerListener.h; sourceTree = SOURCE_ROOT; };
		B4F0AE8610B9E1BA00351BAA /* UdpSocket.h */ = {isa = PBXFileReference; fileEncoding = 4; lastKnownFileType = sourcecode.c.h; name = UdpSocket.h; path = ../../Libraries/OSCPack/UdpSocket.h; sourceTree = SOURCE_ROOT; };
/* End PBXFileReference section */

/* Begin PBXFrameworksBuildPhase section */
		1D60588F0D05DD3D006BFB54 /* Frameworks */ = {
			isa = PBXFrameworksBuildPhase;
			buildActionMask = 2147483647;
			files = (
				1D60589F0D05DD5A006BFB54 /* Foundation.framework in Frameworks */,
				1DF5F4E00D08C38300B7A737 /* UIKit.framework in Frameworks */,
				288765FD0DF74451002DB57D /* CoreGraphics.framework in Frameworks */,
			);
			runOnlyForDeploymentPostprocessing = 0;
		};
/* End PBXFrameworksBuildPhase section */

/* Begin PBXGroup section */
		080E96DDFE201D6D7F000001 /* Classes */ = {
			isa = PBXGroup;
			children = (
				B4E617B1108270C8004D7C02 /* MWEndpointsTableViewController.h */,
				B4E617B2108270C8004D7C02 /* MWEndpointsTableViewController.mm */,
				1D3623240D0F684500981E51 /* MWAppDelegate.h */,
				1D3623250D0F684500981E51 /* MWAppDelegate.mm */,
				B47F0A300FB6295700DB3BEE /* MWClient.h */,
				B47F0A310FB6295700DB3BEE /* MWClient.mm */,
				B4E618821082779C004D7C02 /* MWEndpoint.h */,
				B4E618831082779C004D7C02 /* MWEndpoint.mm */,
				B46AC5F01083899A00EAE42C /* MWMethod.h */,
				B46AC5F11083899A00EAE42C /* MWMethod.mm */,
				B46AC61B10838C8C00EAE42C /* MWMethodTableViewController.h */,
				B46AC61C10838C8C00EAE42C /* MWMethodTableViewController.mm */,
				B499D010108BA6F5002E1F92 /* MWParameterTableViewController.h */,
				B499D011108BA6F5002E1F92 /* MWParameterTableViewController.mm */,
				B48DC24E108CC6B1002AB313 /* MWDownload.h */,
				B48DC24F108CC6B1002AB313 /* MWDownload.mm */,
			);
			path = Classes;
			sourceTree = "<group>";
		};
		19C28FACFE9D520D11CA2CBB /* Products */ = {
			isa = PBXGroup;
			children = (
				1D6058910D05DD3D006BFB54 /* TJShowRemote.app */,
			);
			name = Products;
			sourceTree = "<group>";
		};
		29B97314FDCFA39411CA2CEA /* CustomTemplate */ = {
			isa = PBXGroup;
			children = (
				28AD733E0D9D9553002E5188 /* MainWindow.xib */,
				B4E617AB10826FE6004D7C02 /* OSCPack */,
				B4E6176910826EC8004D7C02 /* TinyXML */,
				080E96DDFE201D6D7F000001 /* Classes */,
				29B97315FDCFA39411CA2CEA /* Other Sources */,
				29B97317FDCFA39411CA2CEA /* Resources */,
				29B97323FDCFA39411CA2CEA /* Frameworks */,
				19C28FACFE9D520D11CA2CBB /* Products */,
			);
			name = CustomTemplate;
			sourceTree = "<group>";
		};
		29B97315FDCFA39411CA2CEA /* Other Sources */ = {
			isa = PBXGroup;
			children = (
				32CA4F630368D1EE00C91783 /* Prefix.pch */,
				29B97316FDCFA39411CA2CEA /* main.m */,
			);
			name = "Other Sources";
			sourceTree = "<group>";
		};
		29B97317FDCFA39411CA2CEA /* Resources */ = {
			isa = PBXGroup;
			children = (
				B4528CCF10BA9B87009605EC /* ep-color.png */,
				B4528CC010BA9AA1009605EC /* ep-dim.png */,
				B4528CC110BA9AA1009605EC /* ep-fade.png */,
				B4528CBA10BA9A12009605EC /* ep-sleep.png */,
				B4528CB010BA9962009605EC /* ep-reset.png */,
				B4528C5910BA96C5009605EC /* ep-power-off.png */,
				B413B9601046C5D900587E77 /* Blue.png */,
				B413B9611046C5D900587E77 /* Gray.png */,
				B413B9621046C5D900587E77 /* Green.png */,
				B413B9631046C5D900587E77 /* Red.png */,
				B413B95E1046C3F500587E77 /* Network.png */,
				B43BF8F21046BC68002F17E1 /* Background.png */,
				B47F09E90FB627B300DB3BEE /* Default.png */,
				B47F09D80FB625FB00DB3BEE /* Logo.png */,
				8D1107310486CEB800E47090 /* Info.plist */,
				B4528C5110BA9583009605EC /* ep-icons.plist */,
			);
			name = Resources;
			sourceTree = "<group>";
		};
		29B97323FDCFA39411CA2CEA /* Frameworks */ = {
			isa = PBXGroup;
			children = (
				1DF5F4DF0D08C38300B7A737 /* UIKit.framework */,
				1D30AB110D05D00D00671497 /* Foundation.framework */,
				288765FC0DF74451002DB57D /* CoreGraphics.framework */,
			);
			name = Frameworks;
			sourceTree = "<group>";
		};
		B4E6176910826EC8004D7C02 /* TinyXML */ = {
			isa = PBXGroup;
			children = (
				B4E6176A10826EDE004D7C02 /* tinystr.cpp */,
				B4E6176B10826EDE004D7C02 /* tinystr.h */,
				B4E6176C10826EDE004D7C02 /* tinyxml.cpp */,
				B4E6176D10826EDE004D7C02 /* tinyxml.h */,
				B4E6176E10826EDE004D7C02 /* tinyxmlerror.cpp */,
				B4E6176F10826EDE004D7C02 /* tinyxmlparser.cpp */,
			);
			name = TinyXML;
			sourceTree = "<group>";
		};
		B4E617AB10826FE6004D7C02 /* OSCPack */ = {
			isa = PBXGroup;
			children = (
				B4F0AE7210B9E1BA00351BAA /* IpEndpointName.cpp */,
				B4F0AE7310B9E1BA00351BAA /* IpEndpointName.h */,
				B4F0AE7410B9E1BA00351BAA /* MessageMappingOscPacketListener.h */,
				B4F0AE7510B9E1BA00351BAA /* NetworkingUtils.h */,
				B4F0AE7610B9E1BA00351BAA /* OscException.h */,
				B4F0AE7710B9E1BA00351BAA /* OscHostEndianness.h */,
				B4F0AE7810B9E1BA00351BAA /* OscOutboundPacketStream.cpp */,
				B4F0AE7910B9E1BA00351BAA /* OscOutboundPacketStream.h */,
				B4F0AE7A10B9E1BA00351BAA /* OscPacketListener.h */,
				B4F0AE7B10B9E1BA00351BAA /* OscPrintReceivedElements.cpp */,
				B4F0AE7C10B9E1BA00351BAA /* OscPrintReceivedElements.h */,
				B4F0AE7D10B9E1BA00351BAA /* OscReceivedElements.cpp */,
				B4F0AE7E10B9E1BA00351BAA /* OscReceivedElements.h */,
				B4F0AE7F10B9E1BA00351BAA /* OscTypes.cpp */,
				B4F0AE8010B9E1BA00351BAA /* OscTypes.h */,
				B4F0AE8110B9E1BA00351BAA /* PacketListener.h */,
				B4F0AE8210B9E1BA00351BAA /* posix */,
				B4F0AE8510B9E1BA00351BAA /* TimerListener.h */,
				B4F0AE8610B9E1BA00351BAA /* UdpSocket.h */,
			);
			name = OSCPack;
			sourceTree = "<group>";
		};
		B4F0AE8210B9E1BA00351BAA /* posix */ = {
			isa = PBXGroup;
			children = (
				B4F0AE8310B9E1BA00351BAA /* NetworkingUtils.cpp */,
				B4F0AE8410B9E1BA00351BAA /* UdpSocket.cpp */,
			);
			name = posix;
			path = ../../Libraries/OSCPack/posix;
			sourceTree = SOURCE_ROOT;
		};
/* End PBXGroup section */

/* Begin PBXNativeTarget section */
		1D6058900D05DD3D006BFB54 /* TJShowRemote */ = {
			isa = PBXNativeTarget;
			buildConfigurationList = 1D6058960D05DD3E006BFB54 /* Build configuration list for PBXNativeTarget "TJShowRemote" */;
			buildPhases = (
				1D60588D0D05DD3D006BFB54 /* Resources */,
				1D60588E0D05DD3D006BFB54 /* Sources */,
				1D60588F0D05DD3D006BFB54 /* Frameworks */,
			);
			buildRules = (
			);
			dependencies = (
			);
			name = TJShowRemote;
			productName = TJShowConnect;
			productReference = 1D6058910D05DD3D006BFB54 /* TJShowRemote.app */;
			productType = "com.apple.product-type.application";
		};
/* End PBXNativeTarget section */

/* Begin PBXProject section */
		29B97313FDCFA39411CA2CEA /* Project object */ = {
			isa = PBXProject;
			buildConfigurationList = C01FCF4E08A954540054247B /* Build configuration list for PBXProject "Remote" */;
			compatibilityVersion = "Xcode 3.1";
			hasScannedForEncodings = 1;
			mainGroup = 29B97314FDCFA39411CA2CEA /* CustomTemplate */;
			projectDirPath = "";
			projectRoot = "";
			targets = (
				1D6058900D05DD3D006BFB54 /* TJShowRemote */,
			);
		};
/* End PBXProject section */

/* Begin PBXResourcesBuildPhase section */
		1D60588D0D05DD3D006BFB54 /* Resources */ = {
			isa = PBXResourcesBuildPhase;
			buildActionMask = 2147483647;
			files = (
				28AD733F0D9D9553002E5188 /* MainWindow.xib in Resources */,
				B47F09D90FB625FB00DB3BEE /* Logo.png in Resources */,
				B47F09EA0FB627B300DB3BEE /* Default.png in Resources */,
				B43BF8F31046BC68002F17E1 /* Background.png in Resources */,
				B413B95F1046C3F500587E77 /* Network.png in Resources */,
				B413B9641046C5D900587E77 /* Blue.png in Resources */,
				B413B9651046C5D900587E77 /* Gray.png in Resources */,
				B413B9661046C5D900587E77 /* Green.png in Resources */,
				B413B9671046C5D900587E77 /* Red.png in Resources */,
				B4528C5210BA9583009605EC /* ep-icons.plist in Resources */,
				B4528C5A10BA96C5009605EC /* ep-power-off.png in Resources */,
				B4528CB110BA9962009605EC /* ep-reset.png in Resources */,
				B4528CBB10BA9A12009605EC /* ep-sleep.png in Resources */,
				B4528CC210BA9AA1009605EC /* ep-dim.png in Resources */,
				B4528CC310BA9AA1009605EC /* ep-fade.png in Resources */,
				B4528CD010BA9B87009605EC /* ep-color.png in Resources */,
			);
			runOnlyForDeploymentPostprocessing = 0;
		};
/* End PBXResourcesBuildPhase section */

/* Begin PBXSourcesBuildPhase section */
		1D60588E0D05DD3D006BFB54 /* Sources */ = {
			isa = PBXSourcesBuildPhase;
			buildActionMask = 2147483647;
			files = (
				1D60589B0D05DD56006BFB54 /* main.m in Sources */,
				1D3623260D0F684500981E51 /* MWAppDelegate.mm in Sources */,
				B47F0A320FB6295700DB3BEE /* MWClient.mm in Sources */,
				B4E6177010826EDE004D7C02 /* tinystr.cpp in Sources */,
				B4E6177110826EDE004D7C02 /* tinyxml.cpp in Sources */,
				B4E6177210826EDE004D7C02 /* tinyxmlerror.cpp in Sources */,
				B4E6177310826EDE004D7C02 /* tinyxmlparser.cpp in Sources */,
				B4E617B3108270C8004D7C02 /* MWEndpointsTableViewController.mm in Sources */,
				B4E618841082779C004D7C02 /* MWEndpoint.mm in Sources */,
				B46AC5F21083899A00EAE42C /* MWMethod.mm in Sources */,
				B46AC61D10838C8C00EAE42C /* MWMethodTableViewController.mm in Sources */,
				B499D012108BA6F5002E1F92 /* MWParameterTableViewController.mm in Sources */,
				B48DC250108CC6B1002AB313 /* MWDownload.mm in Sources */,
				B4F0AE8710B9E1BA00351BAA /* IpEndpointName.cpp in Sources */,
				B4F0AE8810B9E1BA00351BAA /* OscOutboundPacketStream.cpp in Sources */,
				B4F0AE8910B9E1BA00351BAA /* OscPrintReceivedElements.cpp in Sources */,
				B4F0AE8A10B9E1BA00351BAA /* OscReceivedElements.cpp in Sources */,
				B4F0AE8B10B9E1BA00351BAA /* OscTypes.cpp in Sources */,
				B4F0AE8C10B9E1BA00351BAA /* NetworkingUtils.cpp in Sources */,
				B4F0AE8D10B9E1BA00351BAA /* UdpSocket.cpp in Sources */,
			);
			runOnlyForDeploymentPostprocessing = 0;
		};
/* End PBXSourcesBuildPhase section */

/* Begin XCBuildConfiguration section */
		1D6058940D05DD3E006BFB54 /* Debug */ = {
			isa = XCBuildConfiguration;
			buildSettings = {
				ALWAYS_SEARCH_USER_PATHS = NO;
				COPY_PHASE_STRIP = NO;
				GCC_DYNAMIC_NO_PIC = NO;
				GCC_OPTIMIZATION_LEVEL = 0;
				GCC_PRECOMPILE_PREFIX_HEADER = YES;
				GCC_PREFIX_HEADER = "";
				GCC_PREPROCESSOR_DEFINITIONS = DEBUG;
				INFOPLIST_FILE = Info.plist;
				PRODUCT_NAME = TJShowConnect;
			};
			name = Debug;
		};
		1D6058950D05DD3E006BFB54 /* Release */ = {
			isa = XCBuildConfiguration;
			buildSettings = {
				ALWAYS_SEARCH_USER_PATHS = NO;
				COPY_PHASE_STRIP = YES;
				GCC_PRECOMPILE_PREFIX_HEADER = YES;
				GCC_PREFIX_HEADER = Prefix.pch;
				GCC_PREPROCESSOR_DEFINITIONS = DEBUG;
				INFOPLIST_FILE = Info.plist;
				PRODUCT_NAME = TJShowRemote;
			};
			name = Release;
		};
		B4161F4410A98AAB00B39D1A /* Distribution */ = {
			isa = XCBuildConfiguration;
			buildSettings = {
				ARCHS = "$(ARCHS_STANDARD_32_BIT)";
				"CODE_SIGN_IDENTITY[sdk=iphoneos*]" = "iPhone Distribution";
				CONFIGURATION_BUILD_DIR = "$(BUILD_DIR)/$(CONFIGURATION)$(EFFECTIVE_PLATFORM_NAME)";
				GCC_C_LANGUAGE_STANDARD = c99;
				GCC_WARN_ABOUT_RETURN_TYPE = YES;
				GCC_WARN_UNUSED_VARIABLE = YES;
				PREBINDING = NO;
				"PROVISIONING_PROFILE[sdk=iphoneos*]" = "";
				SDKROOT = iphoneos3.1.2;
				SYMROOT = ../../build;
			};
			name = Distribution;
		};
		B4161F4510A98AAB00B39D1A /* Distribution */ = {
			isa = XCBuildConfiguration;
			buildSettings = {
				ALWAYS_SEARCH_USER_PATHS = NO;
				COPY_PHASE_STRIP = YES;
				GCC_PRECOMPILE_PREFIX_HEADER = YES;
				GCC_PREFIX_HEADER = Prefix.pch;
				GCC_PREPROCESSOR_DEFINITIONS = DEBUG;
				INFOPLIST_FILE = Info.plist;
				PRODUCT_NAME = TJShowRemote;
			};
			name = Distribution;
		};
		C01FCF4F08A954540054247B /* Debug */ = {
			isa = XCBuildConfiguration;
			buildSettings = {
				ARCHS = "$(ARCHS_STANDARD_32_BIT)";
				"CODE_SIGN_IDENTITY[sdk=iphoneos*]" = "iPhone Developer";
				GCC_C_LANGUAGE_STANDARD = c99;
				GCC_WARN_ABOUT_RETURN_TYPE = YES;
				GCC_WARN_UNUSED_VARIABLE = YES;
				ONLY_ACTIVE_ARCH = YES;
				PREBINDING = NO;
				SDKROOT = iphoneos3.0;
			};
			name = Debug;
		};
		C01FCF5008A954540054247B /* Release */ = {
			isa = XCBuildConfiguration;
			buildSettings = {
				ARCHS = "$(ARCHS_STANDARD_32_BIT)";
				"CODE_SIGN_IDENTITY[sdk=iphoneos*]" = "iPhone Distribution";
				CONFIGURATION_BUILD_DIR = "$(BUILD_DIR)/$(CONFIGURATION)$(EFFECTIVE_PLATFORM_NAME)";
				GCC_C_LANGUAGE_STANDARD = c99;
				GCC_WARN_ABOUT_RETURN_TYPE = YES;
				GCC_WARN_UNUSED_VARIABLE = YES;
				PREBINDING = NO;
				"PROVISIONING_PROFILE[sdk=iphoneos*]" = "";
				SDKROOT = iphoneos3.1.2;
				SYMROOT = ../../build;
			};
			name = Release;
		};
/* End XCBuildConfiguration section */

/* Begin XCConfigurationList section */
		1D6058960D05DD3E006BFB54 /* Build configuration list for PBXNativeTarget "TJShowRemote" */ = {
			isa = XCConfigurationList;
			buildConfigurations = (
				1D6058940D05DD3E006BFB54 /* Debug */,
				1D6058950D05DD3E006BFB54 /* Release */,
				B4161F4510A98AAB00B39D1A /* Distribution */,
			);
			defaultConfigurationIsVisible = 0;
			defaultConfigurationName = Release;
		};
		C01FCF4E08A954540054247B /* Build configuration list for PBXProject "Remote" */ = {
			isa = XCConfigurationList;
			buildConfigurations = (
				C01FCF4F08A954540054247B /* Debug */,
				C01FCF5008A954540054247B /* Release */,
				B4161F4410A98AAB00B39D1A /* Distribution */,
			);
			defaultConfigurationIsVisible = 0;
			defaultConfigurationName = Release;
		};
/* End XCConfigurationList section */
	};
	rootObject = 29B97313FDCFA39411CA2CEA /* Project object */;
}
