// !$*UTF8*$!
{
	archiveVersion = 1;
	classes = {
	};
	objectVersion = 45;
	objects = {

/* Begin PBXBuildFile section */
		B40225EF1068E8B800137628 /* TJNPFramework.framework in Frameworks */ = {isa = PBXBuildFile; fileRef = B40225EE1068E8AA00137628 /* TJNPFramework.framework */; };
		B40225F01068E8B800137628 /* TinyXMLFramework.framework in Frameworks */ = {isa = PBXBuildFile; fileRef = B40225E31068E8A100137628 /* TinyXMLFramework.framework */; };
		B40225F11068E8B800137628 /* OSCPackFramework.framework in Frameworks */ = {isa = PBXBuildFile; fileRef = B40225DD1068E88E00137628 /* OSCPackFramework.framework */; };
		B40225F21068E8B800137628 /* TJSharedFramework.framework in Frameworks */ = {isa = PBXBuildFile; fileRef = B40225D41068E88100137628 /* TJSharedFramework.framework */; };
		B40225F81068E8E900137628 /* tjfabricmain.cpp in Sources */ = {isa = PBXBuildFile; fileRef = B40225F71068E8E900137628 /* tjfabricmain.cpp */; };
		B402260E1068ED8A00137628 /* tjfabric.cpp in Sources */ = {isa = PBXBuildFile; fileRef = B402260D1068ED8A00137628 /* tjfabric.cpp */; };
		B40226181068EF8700137628 /* tjfabricengine.cpp in Sources */ = {isa = PBXBuildFile; fileRef = B40226171068EF8700137628 /* tjfabricengine.cpp */; };
		B40226C81069151B00137628 /* tjfabricrule.cpp in Sources */ = {isa = PBXBuildFile; fileRef = B40226C71069151B00137628 /* tjfabricrule.cpp */; };
		B402276B10691E2800137628 /* TJScriptFramework.framework in Frameworks */ = {isa = PBXBuildFile; fileRef = B402276210691E1E00137628 /* TJScriptFramework.framework */; };
		B40227B21069316500137628 /* tjfabricqueue.cpp in Sources */ = {isa = PBXBuildFile; fileRef = B40227B11069316500137628 /* tjfabricqueue.cpp */; };
		B40227DF10694C8500137628 /* tjfabricmessage.cpp in Sources */ = {isa = PBXBuildFile; fileRef = B40227DE10694C8500137628 /* tjfabricmessage.cpp */; };
		B40229A41069653500137628 /* tjfabricmessagescriptable.cpp in Sources */ = {isa = PBXBuildFile; fileRef = B40229A31069653500137628 /* tjfabricmessagescriptable.cpp */; };
		B423B7F1106E0E4200147974 /* tjfabricutil.cpp in Sources */ = {isa = PBXBuildFile; fileRef = B423B7F0106E0E4200147974 /* tjfabricutil.cpp */; };
		B423B832106E144F00147974 /* tjoscutil.cpp in Sources */ = {isa = PBXBuildFile; fileRef = B423B831106E144F00147974 /* tjoscutil.cpp */; };
		B46AD43A107DD2A000806748 /* tjfabricserver.cpp in Sources */ = {isa = PBXBuildFile; fileRef = B46AD439107DD2A000806748 /* tjfabricserver.cpp */; };
		B4720EEC108C69DE002DEC9F /* TJNPFramework.framework in Copy Frameworks */ = {isa = PBXBuildFile; fileRef = B40225EE1068E8AA00137628 /* TJNPFramework.framework */; };
		B4720EED108C69E6002DEC9F /* TJScoutFramework.framework in Copy Frameworks */ = {isa = PBXBuildFile; fileRef = B49107851070C87600279D29 /* TJScoutFramework.framework */; };
		B4720EEE108C69E6002DEC9F /* TinyXMLFramework.framework in Copy Frameworks */ = {isa = PBXBuildFile; fileRef = B40225E31068E8A100137628 /* TinyXMLFramework.framework */; };
		B4720EEF108C69E6002DEC9F /* TJScriptFramework.framework in Copy Frameworks */ = {isa = PBXBuildFile; fileRef = B402276210691E1E00137628 /* TJScriptFramework.framework */; };
		B4720EF0108C69E6002DEC9F /* OSCPackFramework.framework in Copy Frameworks */ = {isa = PBXBuildFile; fileRef = B40225DD1068E88E00137628 /* OSCPackFramework.framework */; };
		B4720EF1108C69E6002DEC9F /* TJSharedFramework.framework in Copy Frameworks */ = {isa = PBXBuildFile; fileRef = B40225D41068E88100137628 /* TJSharedFramework.framework */; };
		B481867C106BC3A200EAEE19 /* tjfabricgroup.cpp in Sources */ = {isa = PBXBuildFile; fileRef = B481867B106BC3A200EAEE19 /* tjfabricgroup.cpp */; };
		B491078E1070C88300279D29 /* TJScoutFramework.framework in Frameworks */ = {isa = PBXBuildFile; fileRef = B49107851070C87600279D29 /* TJScoutFramework.framework */; };
		B4C5948E1071F597000A3E6E /* tjdnssddiscovery.cpp in Sources */ = {isa = PBXBuildFile; fileRef = B4C5948D1071F597000A3E6E /* tjdnssddiscovery.cpp */; };
		B4D0F24B106CB5530053A1BA /* tjfabricconnection.cpp in Sources */ = {isa = PBXBuildFile; fileRef = B4D0F24A106CB5530053A1BA /* tjfabricconnection.cpp */; };
		B4D0F26A106CD55A0053A1BA /* tjoscipconnection.cpp in Sources */ = {isa = PBXBuildFile; fileRef = B4D0F269106CD55A0053A1BA /* tjoscipconnection.cpp */; };
/* End PBXBuildFile section */

/* Begin PBXContainerItemProxy section */
		B40225D31068E88100137628 /* PBXContainerItemProxy */ = {
			isa = PBXContainerItemProxy;
			containerPortal = B40225CF1068E88100137628 /* TJSharedFramework.xcodeproj */;
			proxyType = 2;
			remoteGlobalIDString = 8DC2EF5B0486A6940098B216;
			remoteInfo = TJSharedFramework;
		};
		B40225DC1068E88E00137628 /* PBXContainerItemProxy */ = {
			isa = PBXContainerItemProxy;
			containerPortal = B40225D51068E88E00137628 /* OSCPackFramework.xcodeproj */;
			proxyType = 2;
			remoteGlobalIDString = 8DC2EF5B0486A6940098B216;
			remoteInfo = OSCPackFramework;
		};
		B40225E21068E8A100137628 /* PBXContainerItemProxy */ = {
			isa = PBXContainerItemProxy;
			containerPortal = B40225DE1068E8A100137628 /* TinyXMLFramework.xcodeproj */;
			proxyType = 2;
			remoteGlobalIDString = 8DC2EF5B0486A6940098B216;
			remoteInfo = TinyXMLFramework;
		};
		B40225ED1068E8AA00137628 /* PBXContainerItemProxy */ = {
			isa = PBXContainerItemProxy;
			containerPortal = B40225E41068E8AA00137628 /* TJNPFramework.xcodeproj */;
			proxyType = 2;
			remoteGlobalIDString = 8DC2EF5B0486A6940098B216;
			remoteInfo = TJNPFramework;
		};
		B402276110691E1E00137628 /* PBXContainerItemProxy */ = {
			isa = PBXContainerItemProxy;
			containerPortal = B402275910691E1E00137628 /* TJScriptFramework.xcodeproj */;
			proxyType = 2;
			remoteGlobalIDString = 8DC2EF5B0486A6940098B216;
			remoteInfo = TJScriptFramework;
		};
		B4720EFA108C6A18002DEC9F /* PBXContainerItemProxy */ = {
			isa = PBXContainerItemProxy;
			containerPortal = B40225DE1068E8A100137628 /* TinyXMLFramework.xcodeproj */;
			proxyType = 1;
			remoteGlobalIDString = 8DC2EF4F0486A6940098B216;
			remoteInfo = TinyXMLFramework;
		};
		B4720EFC108C6A18002DEC9F /* PBXContainerItemProxy */ = {
			isa = PBXContainerItemProxy;
			containerPortal = B491077C1070C87600279D29 /* TJScoutFramework.xcodeproj */;
			proxyType = 1;
			remoteGlobalIDString = 8DC2EF4F0486A6940098B216;
			remoteInfo = TJScoutFramework;
		};
		B4720EFE108C6A18002DEC9F /* PBXContainerItemProxy */ = {
			isa = PBXContainerItemProxy;
			containerPortal = B40225CF1068E88100137628 /* TJSharedFramework.xcodeproj */;
			proxyType = 1;
			remoteGlobalIDString = 8DC2EF4F0486A6940098B216;
			remoteInfo = TJSharedFramework;
		};
		B4720F00108C6A18002DEC9F /* PBXContainerItemProxy */ = {
			isa = PBXContainerItemProxy;
			containerPortal = B40225D51068E88E00137628 /* OSCPackFramework.xcodeproj */;
			proxyType = 1;
			remoteGlobalIDString = 8DC2EF4F0486A6940098B216;
			remoteInfo = OSCPackFramework;
		};
		B4720F02108C6A18002DEC9F /* PBXContainerItemProxy */ = {
			isa = PBXContainerItemProxy;
			containerPortal = B402275910691E1E00137628 /* TJScriptFramework.xcodeproj */;
			proxyType = 1;
			remoteGlobalIDString = 8DC2EF4F0486A6940098B216;
			remoteInfo = TJScriptFramework;
		};
		B4720F04108C6A18002DEC9F /* PBXContainerItemProxy */ = {
			isa = PBXContainerItemProxy;
			containerPortal = B40225E41068E8AA00137628 /* TJNPFramework.xcodeproj */;
			proxyType = 1;
			remoteGlobalIDString = 8DC2EF4F0486A6940098B216;
			remoteInfo = TJNPFramework;
		};
		B49107841070C87600279D29 /* PBXContainerItemProxy */ = {
			isa = PBXContainerItemProxy;
			containerPortal = B491077C1070C87600279D29 /* TJScoutFramework.xcodeproj */;
			proxyType = 2;
			remoteGlobalIDString = 8DC2EF5B0486A6940098B216;
			remoteInfo = TJScoutFramework;
		};
/* End PBXContainerItemProxy section */

/* Begin PBXCopyFilesBuildPhase section */
		B4720F10108C6A23002DEC9F /* Copy Frameworks */ = {
			isa = PBXCopyFilesBuildPhase;
			buildActionMask = 2147483647;
			dstPath = "";
			dstSubfolderSpec = 10;
			files = (
				B4720EEC108C69DE002DEC9F /* TJNPFramework.framework in Copy Frameworks */,
				B4720EED108C69E6002DEC9F /* TJScoutFramework.framework in Copy Frameworks */,
				B4720EEE108C69E6002DEC9F /* TinyXMLFramework.framework in Copy Frameworks */,
				B4720EEF108C69E6002DEC9F /* TJScriptFramework.framework in Copy Frameworks */,
				B4720EF0108C69E6002DEC9F /* OSCPackFramework.framework in Copy Frameworks */,
				B4720EF1108C69E6002DEC9F /* TJSharedFramework.framework in Copy Frameworks */,
			);
			name = "Copy Frameworks";
			runOnlyForDeploymentPostprocessing = 0;
		};
/* End PBXCopyFilesBuildPhase section */

/* Begin PBXFileReference section */
		8DD76F6C0486A84900D96B5E /* TJFabric */ = {isa = PBXFileReference; explicitFileType = "compiled.mach-o.executable"; includeInIndex = 0; path = TJFabric; sourceTree = BUILT_PRODUCTS_DIR; };
		B40225CF1068E88100137628 /* TJSharedFramework.xcodeproj */ = {isa = PBXFileReference; lastKnownFileType = "wrapper.pb-project"; name = TJSharedFramework.xcodeproj; path = ../TJShared/TJSharedFramework.xcodeproj; sourceTree = SOURCE_ROOT; };
		B40225D51068E88E00137628 /* OSCPackFramework.xcodeproj */ = {isa = PBXFileReference; lastKnownFileType = "wrapper.pb-project"; name = OSCPackFramework.xcodeproj; path = ../Libraries/OSCPack/OSCPackFramework.xcodeproj; sourceTree = SOURCE_ROOT; };
		B40225DE1068E8A100137628 /* TinyXMLFramework.xcodeproj */ = {isa = PBXFileReference; lastKnownFileType = "wrapper.pb-project"; name = TinyXMLFramework.xcodeproj; path = ../Libraries/TinyXML/TinyXMLFramework.xcodeproj; sourceTree = SOURCE_ROOT; };
		B40225E41068E8AA00137628 /* TJNPFramework.xcodeproj */ = {isa = PBXFileReference; lastKnownFileType = "wrapper.pb-project"; name = TJNPFramework.xcodeproj; path = ../TJNP/TJNPFramework.xcodeproj; sourceTree = SOURCE_ROOT; };
		B40225F71068E8E900137628 /* tjfabricmain.cpp */ = {isa = PBXFileReference; fileEncoding = 4; lastKnownFileType = sourcecode.cpp.cpp; name = tjfabricmain.cpp; path = src/tjfabricmain.cpp; sourceTree = "<group>"; };
		B40226091068E94000137628 /* tjfabric.h */ = {isa = PBXFileReference; fileEncoding = 4; lastKnownFileType = sourcecode.c.h; name = tjfabric.h; path = include/tjfabric.h; sourceTree = "<group>"; };
		B402260D1068ED8A00137628 /* tjfabric.cpp */ = {isa = PBXFileReference; fileEncoding = 4; lastKnownFileType = sourcecode.cpp.cpp; name = tjfabric.cpp; path = src/tjfabric.cpp; sourceTree = "<group>"; };
		B40226151068EF7A00137628 /* tjfabricengine.h */ = {isa = PBXFileReference; fileEncoding = 4; lastKnownFileType = sourcecode.c.h; name = tjfabricengine.h; path = include/tjfabricengine.h; sourceTree = "<group>"; };
		B40226171068EF8700137628 /* tjfabricengine.cpp */ = {isa = PBXFileReference; fileEncoding = 4; lastKnownFileType = sourcecode.cpp.cpp; name = tjfabricengine.cpp; path = src/tjfabricengine.cpp; sourceTree = "<group>"; };
		B40226C61069149100137628 /* tjfabricrule.h */ = {isa = PBXFileReference; fileEncoding = 4; lastKnownFileType = sourcecode.c.h; name = tjfabricrule.h; path = include/tjfabricrule.h; sourceTree = "<group>"; };
		B40226C71069151B00137628 /* tjfabricrule.cpp */ = {isa = PBXFileReference; fileEncoding = 4; lastKnownFileType = sourcecode.cpp.cpp; name = tjfabricrule.cpp; path = src/tjfabricrule.cpp; sourceTree = "<group>"; };
		B402275910691E1E00137628 /* TJScriptFramework.xcodeproj */ = {isa = PBXFileReference; lastKnownFileType = "wrapper.pb-project"; name = TJScriptFramework.xcodeproj; path = ../TJScript/TJScriptFramework.xcodeproj; sourceTree = SOURCE_ROOT; };
		B40227AF106930CA00137628 /* tjfabricqueue.h */ = {isa = PBXFileReference; fileEncoding = 4; lastKnownFileType = sourcecode.c.h; name = tjfabricqueue.h; path = include/tjfabricqueue.h; sourceTree = "<group>"; };
		B40227B11069316500137628 /* tjfabricqueue.cpp */ = {isa = PBXFileReference; fileEncoding = 4; lastKnownFileType = sourcecode.cpp.cpp; name = tjfabricqueue.cpp; path = src/tjfabricqueue.cpp; sourceTree = "<group>"; };
		B40227DD10694C3100137628 /* tjfabricmessage.h */ = {isa = PBXFileReference; fileEncoding = 4; lastKnownFileType = sourcecode.c.h; name = tjfabricmessage.h; path = include/tjfabricmessage.h; sourceTree = "<group>"; };
		B40227DE10694C8500137628 /* tjfabricmessage.cpp */ = {isa = PBXFileReference; fileEncoding = 4; lastKnownFileType = sourcecode.cpp.cpp; name = tjfabricmessage.cpp; path = src/tjfabricmessage.cpp; sourceTree = "<group>"; };
		B40229A2106963E300137628 /* tjfabricmessagescriptable.h */ = {isa = PBXFileReference; fileEncoding = 4; lastKnownFileType = sourcecode.c.h; name = tjfabricmessagescriptable.h; path = include/tjfabricmessagescriptable.h; sourceTree = "<group>"; };
		B40229A31069653500137628 /* tjfabricmessagescriptable.cpp */ = {isa = PBXFileReference; fileEncoding = 4; lastKnownFileType = sourcecode.cpp.cpp; name = tjfabricmessagescriptable.cpp; path = src/tjfabricmessagescriptable.cpp; sourceTree = "<group>"; };
		B423B7EE106E0DFC00147974 /* tjfabricutil.h */ = {isa = PBXFileReference; fileEncoding = 4; lastKnownFileType = sourcecode.c.h; name = tjfabricutil.h; path = include/tjfabricutil.h; sourceTree = "<group>"; };
		B423B7F0106E0E4200147974 /* tjfabricutil.cpp */ = {isa = PBXFileReference; fileEncoding = 4; lastKnownFileType = sourcecode.cpp.cpp; name = tjfabricutil.cpp; path = src/tjfabricutil.cpp; sourceTree = "<group>"; };
		B423B830106E13F500147974 /* tjoscutil.h */ = {isa = PBXFileReference; fileEncoding = 4; lastKnownFileType = sourcecode.c.h; name = tjoscutil.h; path = src/connections/tjoscutil.h; sourceTree = "<group>"; };
		B423B831106E144F00147974 /* tjoscutil.cpp */ = {isa = PBXFileReference; fileEncoding = 4; lastKnownFileType = sourcecode.cpp.cpp; name = tjoscutil.cpp; path = src/connections/tjoscutil.cpp; sourceTree = "<group>"; };
		B46AC5D11083431600EAE42C /* EndpointDefinition.xsd */ = {isa = PBXFileReference; fileEncoding = 4; lastKnownFileType = text; name = EndpointDefinition.xsd; path = ../Docs/EP/EndpointDefinition.xsd; sourceTree = SOURCE_ROOT; };
		B46AD438107DD1F600806748 /* tjfabricserver.h */ = {isa = PBXFileReference; fileEncoding = 4; lastKnownFileType = sourcecode.c.h; name = tjfabricserver.h; path = include/tjfabricserver.h; sourceTree = "<group>"; };
		B46AD439107DD2A000806748 /* tjfabricserver.cpp */ = {isa = PBXFileReference; fileEncoding = 4; lastKnownFileType = sourcecode.cpp.cpp; name = tjfabricserver.cpp; path = src/tjfabricserver.cpp; sourceTree = "<group>"; };
		B4720F61108C6BF5002DEC9F /* TJFabricApplication-Info.plist */ = {isa = PBXFileReference; lastKnownFileType = text.plist.xml; path = "TJFabricApplication-Info.plist"; sourceTree = "<group>"; };
		B4818676106BC29100EAEE19 /* tjfabricgroup.h */ = {isa = PBXFileReference; fileEncoding = 4; lastKnownFileType = sourcecode.c.h; name = tjfabricgroup.h; path = include/tjfabricgroup.h; sourceTree = "<group>"; };
		B481867B106BC3A200EAEE19 /* tjfabricgroup.cpp */ = {isa = PBXFileReference; fileEncoding = 4; lastKnownFileType = sourcecode.cpp.cpp; name = tjfabricgroup.cpp; path = src/tjfabricgroup.cpp; sourceTree = "<group>"; };
		B491077C1070C87600279D29 /* TJScoutFramework.xcodeproj */ = {isa = PBXFileReference; lastKnownFileType = "wrapper.pb-project"; name = TJScoutFramework.xcodeproj; path = ../TJScout/TJScoutFramework.xcodeproj; sourceTree = SOURCE_ROOT; };
		B4C594881071F4E6000A3E6E /* tjdnssddiscovery.h */ = {isa = PBXFileReference; fileEncoding = 4; lastKnownFileType = sourcecode.c.h; name = tjdnssddiscovery.h; path = src/connections/tjdnssddiscovery.h; sourceTree = "<group>"; };
		B4C5948D1071F597000A3E6E /* tjdnssddiscovery.cpp */ = {isa = PBXFileReference; fileEncoding = 4; lastKnownFileType = sourcecode.cpp.cpp; name = tjdnssddiscovery.cpp; path = src/connections/tjdnssddiscovery.cpp; sourceTree = "<group>"; };
		B4D0F249106CB3FB0053A1BA /* tjfabricconnection.h */ = {isa = PBXFileReference; fileEncoding = 4; lastKnownFileType = sourcecode.c.h; name = tjfabricconnection.h; path = include/tjfabricconnection.h; sourceTree = "<group>"; };
		B4D0F24A106CB5530053A1BA /* tjfabricconnection.cpp */ = {isa = PBXFileReference; fileEncoding = 4; lastKnownFileType = sourcecode.cpp.cpp; name = tjfabricconnection.cpp; path = src/tjfabricconnection.cpp; sourceTree = "<group>"; };
		B4D0F268106CD55A0053A1BA /* tjoscipconnection.h */ = {isa = PBXFileReference; fileEncoding = 4; lastKnownFileType = sourcecode.c.h; name = tjoscipconnection.h; path = src/connections/tjoscipconnection.h; sourceTree = "<group>"; };
		B4D0F269106CD55A0053A1BA /* tjoscipconnection.cpp */ = {isa = PBXFileReference; fileEncoding = 4; lastKnownFileType = sourcecode.cpp.cpp; name = tjoscipconnection.cpp; path = src/connections/tjoscipconnection.cpp; sourceTree = "<group>"; };
/* End PBXFileReference section */

/* Begin PBXFrameworksBuildPhase section */
		8DD76F660486A84900D96B5E /* Frameworks */ = {
			isa = PBXFrameworksBuildPhase;
			buildActionMask = 2147483647;
			files = (
				B402276B10691E2800137628 /* TJScriptFramework.framework in Frameworks */,
				B40225EF1068E8B800137628 /* TJNPFramework.framework in Frameworks */,
				B40225F01068E8B800137628 /* TinyXMLFramework.framework in Frameworks */,
				B40225F11068E8B800137628 /* OSCPackFramework.framework in Frameworks */,
				B491078E1070C88300279D29 /* TJScoutFramework.framework in Frameworks */,
				B40225F21068E8B800137628 /* TJSharedFramework.framework in Frameworks */,
			);
			runOnlyForDeploymentPostprocessing = 0;
		};
/* End PBXFrameworksBuildPhase section */

/* Begin PBXGroup section */
		08FB7794FE84155DC02AAC07 /* TJFabric */ = {
			isa = PBXGroup;
			children = (
				B46AC5D0108342F000EAE42C /* EP Specification */,
				B40225F61068E8D600137628 /* include */,
				B40225F51068E8D200137628 /* src */,
				B40225E41068E8AA00137628 /* TJNPFramework.xcodeproj */,
				B491077C1070C87600279D29 /* TJScoutFramework.xcodeproj */,
				B40225DE1068E8A100137628 /* TinyXMLFramework.xcodeproj */,
				B402275910691E1E00137628 /* TJScriptFramework.xcodeproj */,
				B40225D51068E88E00137628 /* OSCPackFramework.xcodeproj */,
				B40225CF1068E88100137628 /* TJSharedFramework.xcodeproj */,
				1AB674ADFE9D54B511CA2CBB /* Products */,
				B4720F61108C6BF5002DEC9F /* TJFabricApplication-Info.plist */,
			);
			name = TJFabric;
			sourceTree = "<group>";
		};
		1AB674ADFE9D54B511CA2CBB /* Products */ = {
			isa = PBXGroup;
			children = (
				8DD76F6C0486A84900D96B5E /* TJFabric */,
			);
			name = Products;
			sourceTree = "<group>";
		};
		B40225D01068E88100137628 /* Products */ = {
			isa = PBXGroup;
			children = (
				B40225D41068E88100137628 /* TJSharedFramework.framework */,
			);
			name = Products;
			sourceTree = "<group>";
		};
		B40225D61068E88E00137628 /* Products */ = {
			isa = PBXGroup;
			children = (
				B40225DD1068E88E00137628 /* OSCPackFramework.framework */,
			);
			name = Products;
			sourceTree = "<group>";
		};
		B40225DF1068E8A100137628 /* Products */ = {
			isa = PBXGroup;
			children = (
				B40225E31068E8A100137628 /* TinyXMLFramework.framework */,
			);
			name = Products;
			sourceTree = "<group>";
		};
		B40225E51068E8AA00137628 /* Products */ = {
			isa = PBXGroup;
			children = (
				B40225EE1068E8AA00137628 /* TJNPFramework.framework */,
			);
			name = Products;
			sourceTree = "<group>";
		};
		B40225F51068E8D200137628 /* src */ = {
			isa = PBXGroup;
			children = (
				B4D0F25A106CBAC50053A1BA /* connections */,
				B40225F71068E8E900137628 /* tjfabricmain.cpp */,
				B402260D1068ED8A00137628 /* tjfabric.cpp */,
				B40226171068EF8700137628 /* tjfabricengine.cpp */,
				B40226C71069151B00137628 /* tjfabricrule.cpp */,
				B40227B11069316500137628 /* tjfabricqueue.cpp */,
				B40227DE10694C8500137628 /* tjfabricmessage.cpp */,
				B40229A31069653500137628 /* tjfabricmessagescriptable.cpp */,
				B481867B106BC3A200EAEE19 /* tjfabricgroup.cpp */,
				B4D0F24A106CB5530053A1BA /* tjfabricconnection.cpp */,
				B423B7F0106E0E4200147974 /* tjfabricutil.cpp */,
				B46AD439107DD2A000806748 /* tjfabricserver.cpp */,
			);
			name = src;
			sourceTree = "<group>";
		};
		B40225F61068E8D600137628 /* include */ = {
			isa = PBXGroup;
			children = (
				B40226091068E94000137628 /* tjfabric.h */,
				B40226151068EF7A00137628 /* tjfabricengine.h */,
				B40226C61069149100137628 /* tjfabricrule.h */,
				B40227AF106930CA00137628 /* tjfabricqueue.h */,
				B40227DD10694C3100137628 /* tjfabricmessage.h */,
				B40229A2106963E300137628 /* tjfabricmessagescriptable.h */,
				B4818676106BC29100EAEE19 /* tjfabricgroup.h */,
				B4D0F249106CB3FB0053A1BA /* tjfabricconnection.h */,
				B423B7EE106E0DFC00147974 /* tjfabricutil.h */,
				B46AD438107DD1F600806748 /* tjfabricserver.h */,
			);
			name = include;
			sourceTree = "<group>";
		};
		B402275A10691E1E00137628 /* Products */ = {
			isa = PBXGroup;
			children = (
				B402276210691E1E00137628 /* TJScriptFramework.framework */,
			);
			name = Products;
			sourceTree = "<group>";
		};
		B46AC5D0108342F000EAE42C /* EP Specification */ = {
			isa = PBXGroup;
			children = (
				B46AC5D11083431600EAE42C /* EndpointDefinition.xsd */,
			);
			name = "EP Specification";
			sourceTree = "<group>";
		};
		B491077D1070C87600279D29 /* Products */ = {
			isa = PBXGroup;
			children = (
				B49107851070C87600279D29 /* TJScoutFramework.framework */,
			);
			name = Products;
			sourceTree = "<group>";
		};
		B4D0F25A106CBAC50053A1BA /* connections */ = {
			isa = PBXGroup;
			children = (
				B4C5948D1071F597000A3E6E /* tjdnssddiscovery.cpp */,
				B4C594881071F4E6000A3E6E /* tjdnssddiscovery.h */,
				B4D0F268106CD55A0053A1BA /* tjoscipconnection.h */,
				B4D0F269106CD55A0053A1BA /* tjoscipconnection.cpp */,
				B423B830106E13F500147974 /* tjoscutil.h */,
				B423B831106E144F00147974 /* tjoscutil.cpp */,
			);
			name = connections;
			sourceTree = "<group>";
		};
/* End PBXGroup section */

/* Begin PBXNativeTarget section */
		8DD76F620486A84900D96B5E /* TJFabric */ = {
			isa = PBXNativeTarget;
			buildConfigurationList = 1DEB923108733DC60010E9CD /* Build configuration list for PBXNativeTarget "TJFabric" */;
			buildPhases = (
				B4720F10108C6A23002DEC9F /* Copy Frameworks */,
				8DD76F640486A84900D96B5E /* Sources */,
				8DD76F660486A84900D96B5E /* Frameworks */,
			);
			buildRules = (
			);
			dependencies = (
				B4720EFB108C6A18002DEC9F /* PBXTargetDependency */,
				B4720EFD108C6A18002DEC9F /* PBXTargetDependency */,
				B4720EFF108C6A18002DEC9F /* PBXTargetDependency */,
				B4720F01108C6A18002DEC9F /* PBXTargetDependency */,
				B4720F03108C6A18002DEC9F /* PBXTargetDependency */,
				B4720F05108C6A18002DEC9F /* PBXTargetDependency */,
			);
			name = TJFabric;
			productInstallPath = "$(HOME)/bin";
			productName = TJFabric;
			productReference = 8DD76F6C0486A84900D96B5E /* TJFabric */;
			productType = "com.apple.product-type.tool";
		};
/* End PBXNativeTarget section */

/* Begin PBXProject section */
		08FB7793FE84155DC02AAC07 /* Project object */ = {
			isa = PBXProject;
			buildConfigurationList = 1DEB923508733DC60010E9CD /* Build configuration list for PBXProject "TJFabric" */;
			compatibilityVersion = "Xcode 3.1";
			hasScannedForEncodings = 1;
			mainGroup = 08FB7794FE84155DC02AAC07 /* TJFabric */;
			projectDirPath = "";
			projectReferences = (
				{
					ProductGroup = B40225D61068E88E00137628 /* Products */;
					ProjectRef = B40225D51068E88E00137628 /* OSCPackFramework.xcodeproj */;
				},
				{
					ProductGroup = B40225DF1068E8A100137628 /* Products */;
					ProjectRef = B40225DE1068E8A100137628 /* TinyXMLFramework.xcodeproj */;
				},
				{
					ProductGroup = B40225E51068E8AA00137628 /* Products */;
					ProjectRef = B40225E41068E8AA00137628 /* TJNPFramework.xcodeproj */;
				},
				{
					ProductGroup = B491077D1070C87600279D29 /* Products */;
					ProjectRef = B491077C1070C87600279D29 /* TJScoutFramework.xcodeproj */;
				},
				{
					ProductGroup = B402275A10691E1E00137628 /* Products */;
					ProjectRef = B402275910691E1E00137628 /* TJScriptFramework.xcodeproj */;
				},
				{
					ProductGroup = B40225D01068E88100137628 /* Products */;
					ProjectRef = B40225CF1068E88100137628 /* TJSharedFramework.xcodeproj */;
				},
			);
			projectRoot = "";
			targets = (
				8DD76F620486A84900D96B5E /* TJFabric */,
			);
		};
/* End PBXProject section */

/* Begin PBXReferenceProxy section */
		B40225D41068E88100137628 /* TJSharedFramework.framework */ = {
			isa = PBXReferenceProxy;
			fileType = wrapper.framework;
			path = TJSharedFramework.framework;
			remoteRef = B40225D31068E88100137628 /* PBXContainerItemProxy */;
			sourceTree = BUILT_PRODUCTS_DIR;
		};
		B40225DD1068E88E00137628 /* OSCPackFramework.framework */ = {
			isa = PBXReferenceProxy;
			fileType = wrapper.framework;
			path = OSCPackFramework.framework;
			remoteRef = B40225DC1068E88E00137628 /* PBXContainerItemProxy */;
			sourceTree = BUILT_PRODUCTS_DIR;
		};
		B40225E31068E8A100137628 /* TinyXMLFramework.framework */ = {
			isa = PBXReferenceProxy;
			fileType = wrapper.framework;
			path = TinyXMLFramework.framework;
			remoteRef = B40225E21068E8A100137628 /* PBXContainerItemProxy */;
			sourceTree = BUILT_PRODUCTS_DIR;
		};
		B40225EE1068E8AA00137628 /* TJNPFramework.framework */ = {
			isa = PBXReferenceProxy;
			fileType = wrapper.framework;
			path = TJNPFramework.framework;
			remoteRef = B40225ED1068E8AA00137628 /* PBXContainerItemProxy */;
			sourceTree = BUILT_PRODUCTS_DIR;
		};
		B402276210691E1E00137628 /* TJScriptFramework.framework */ = {
			isa = PBXReferenceProxy;
			fileType = wrapper.framework;
			path = TJScriptFramework.framework;
			remoteRef = B402276110691E1E00137628 /* PBXContainerItemProxy */;
			sourceTree = BUILT_PRODUCTS_DIR;
		};
		B49107851070C87600279D29 /* TJScoutFramework.framework */ = {
			isa = PBXReferenceProxy;
			fileType = wrapper.framework;
			path = TJScoutFramework.framework;
			remoteRef = B49107841070C87600279D29 /* PBXContainerItemProxy */;
			sourceTree = BUILT_PRODUCTS_DIR;
		};
/* End PBXReferenceProxy section */

/* Begin PBXSourcesBuildPhase section */
		8DD76F640486A84900D96B5E /* Sources */ = {
			isa = PBXSourcesBuildPhase;
			buildActionMask = 2147483647;
			files = (
				B40225F81068E8E900137628 /* tjfabricmain.cpp in Sources */,
				B402260E1068ED8A00137628 /* tjfabric.cpp in Sources */,
				B40226181068EF8700137628 /* tjfabricengine.cpp in Sources */,
				B40226C81069151B00137628 /* tjfabricrule.cpp in Sources */,
				B40227B21069316500137628 /* tjfabricqueue.cpp in Sources */,
				B40227DF10694C8500137628 /* tjfabricmessage.cpp in Sources */,
				B40229A41069653500137628 /* tjfabricmessagescriptable.cpp in Sources */,
				B481867C106BC3A200EAEE19 /* tjfabricgroup.cpp in Sources */,
				B4D0F24B106CB5530053A1BA /* tjfabricconnection.cpp in Sources */,
				B4D0F26A106CD55A0053A1BA /* tjoscipconnection.cpp in Sources */,
				B423B7F1106E0E4200147974 /* tjfabricutil.cpp in Sources */,
				B423B832106E144F00147974 /* tjoscutil.cpp in Sources */,
				B4C5948E1071F597000A3E6E /* tjdnssddiscovery.cpp in Sources */,
				B46AD43A107DD2A000806748 /* tjfabricserver.cpp in Sources */,
			);
			runOnlyForDeploymentPostprocessing = 0;
		};
/* End PBXSourcesBuildPhase section */

/* Begin PBXTargetDependency section */
		B4720EFB108C6A18002DEC9F /* PBXTargetDependency */ = {
			isa = PBXTargetDependency;
			name = TinyXMLFramework;
			targetProxy = B4720EFA108C6A18002DEC9F /* PBXContainerItemProxy */;
		};
		B4720EFD108C6A18002DEC9F /* PBXTargetDependency */ = {
			isa = PBXTargetDependency;
			name = TJScoutFramework;
			targetProxy = B4720EFC108C6A18002DEC9F /* PBXContainerItemProxy */;
		};
		B4720EFF108C6A18002DEC9F /* PBXTargetDependency */ = {
			isa = PBXTargetDependency;
			name = TJSharedFramework;
			targetProxy = B4720EFE108C6A18002DEC9F /* PBXContainerItemProxy */;
		};
		B4720F01108C6A18002DEC9F /* PBXTargetDependency */ = {
			isa = PBXTargetDependency;
			name = OSCPackFramework;
			targetProxy = B4720F00108C6A18002DEC9F /* PBXContainerItemProxy */;
		};
		B4720F03108C6A18002DEC9F /* PBXTargetDependency */ = {
			isa = PBXTargetDependency;
			name = TJScriptFramework;
			targetProxy = B4720F02108C6A18002DEC9F /* PBXContainerItemProxy */;
		};
		B4720F05108C6A18002DEC9F /* PBXTargetDependency */ = {
			isa = PBXTargetDependency;
			name = TJNPFramework;
			targetProxy = B4720F04108C6A18002DEC9F /* PBXContainerItemProxy */;
		};
/* End PBXTargetDependency section */

/* Begin XCBuildConfiguration section */
		1DEB923208733DC60010E9CD /* Debug */ = {
			isa = XCBuildConfiguration;
			buildSettings = {
				ALWAYS_SEARCH_USER_PATHS = NO;
				COPY_PHASE_STRIP = NO;
				GCC_DYNAMIC_NO_PIC = NO;
				GCC_ENABLE_FIX_AND_CONTINUE = YES;
				GCC_MODEL_TUNING = G5;
				GCC_OPTIMIZATION_LEVEL = 0;
				GCC_PREPROCESSOR_DEFINITIONS = (
					"_GLIBCXX_DEBUG=1",
					"_GLIBCXX_DEBUG_PEDANTIC=1",
				);
				INSTALL_PATH = /usr/local/bin;
				PRODUCT_NAME = TJFabric;
				SYMROOT = ../build;
			};
			name = Debug;
		};
		1DEB923308733DC60010E9CD /* Release */ = {
			isa = XCBuildConfiguration;
			buildSettings = {
				ALWAYS_SEARCH_USER_PATHS = NO;
				DEBUG_INFORMATION_FORMAT = "dwarf-with-dsym";
				FRAMEWORK_SEARCH_PATHS = "";
				GCC_MODEL_TUNING = G5;
				INSTALL_PATH = .;
				PRODUCT_NAME = TJFabric;
				SYMROOT = ../build;
			};
			name = Release;
		};
		1DEB923608733DC60010E9CD /* Debug */ = {
			isa = XCBuildConfiguration;
			buildSettings = {
				ARCHS = "$(ARCHS_STANDARD_32_64_BIT)";
				GCC_C_LANGUAGE_STANDARD = gnu99;
				GCC_OPTIMIZATION_LEVEL = 0;
				GCC_WARN_ABOUT_RETURN_TYPE = YES;
				GCC_WARN_UNUSED_VARIABLE = YES;
				ONLY_ACTIVE_ARCH = YES;
				PREBINDING = NO;
				SDKROOT = macosx10.6;
			};
			name = Debug;
		};
		1DEB923708733DC60010E9CD /* Release */ = {
			isa = XCBuildConfiguration;
			buildSettings = {
				ARCHS = "$(ARCHS_STANDARD_32_64_BIT)";
				GCC_C_LANGUAGE_STANDARD = gnu99;
				GCC_WARN_ABOUT_RETURN_TYPE = YES;
				GCC_WARN_UNUSED_VARIABLE = YES;
				PREBINDING = NO;
				SDKROOT = macosx10.6;
			};
			name = Release;
		};
/* End XCBuildConfiguration section */

/* Begin XCConfigurationList section */
		1DEB923108733DC60010E9CD /* Build configuration list for PBXNativeTarget "TJFabric" */ = {
			isa = XCConfigurationList;
			buildConfigurations = (
				1DEB923208733DC60010E9CD /* Debug */,
				1DEB923308733DC60010E9CD /* Release */,
			);
			defaultConfigurationIsVisible = 0;
			defaultConfigurationName = Release;
		};
		1DEB923508733DC60010E9CD /* Build configuration list for PBXProject "TJFabric" */ = {
			isa = XCConfigurationList;
			buildConfigurations = (
				1DEB923608733DC60010E9CD /* Debug */,
				1DEB923708733DC60010E9CD /* Release */,
			);
			defaultConfigurationIsVisible = 0;
			defaultConfigurationName = Release;
		};
/* End XCConfigurationList section */
	};
	rootObject = 08FB7793FE84155DC02AAC07 /* Project object */;
}
