// !$*UTF8*$!
{
	archiveVersion = 1;
	classes = {
	};
	objectVersion = 45;
	objects = {

/* Begin PBXBuildFile section */
		B40225F81068E8E900137628 /* tjfabricmain.cpp in Sources */ = {isa = PBXBuildFile; fileRef = B40225F71068E8E900137628 /* tjfabricmain.cpp */; };
		B402260E1068ED8A00137628 /* tjfabric.cpp in Sources */ = {isa = PBXBuildFile; fileRef = B402260D1068ED8A00137628 /* tjfabric.cpp */; };
		B40226181068EF8700137628 /* tjfabricengine.cpp in Sources */ = {isa = PBXBuildFile; fileRef = B40226171068EF8700137628 /* tjfabricengine.cpp */; };
		B40226C81069151B00137628 /* tjfabricrule.cpp in Sources */ = {isa = PBXBuildFile; fileRef = B40226C71069151B00137628 /* tjfabricrule.cpp */; };
		B40227B21069316500137628 /* tjfabricqueue.cpp in Sources */ = {isa = PBXBuildFile; fileRef = B40227B11069316500137628 /* tjfabricqueue.cpp */; };
		B40229A41069653500137628 /* tjfabricmessagescriptable.cpp in Sources */ = {isa = PBXBuildFile; fileRef = B40229A31069653500137628 /* tjfabricmessagescriptable.cpp */; };
		B423B7F1106E0E4200147974 /* tjfabricutil.cpp in Sources */ = {isa = PBXBuildFile; fileRef = B423B7F0106E0E4200147974 /* tjfabricutil.cpp */; };
		B47B74CB10AB5B110031263D /* tjfabricscriptables.cpp in Sources */ = {isa = PBXBuildFile; fileRef = B47B74CA10AB5B110031263D /* tjfabricscriptables.cpp */; };
		B481867C106BC3A200EAEE19 /* tjfabricgroup.cpp in Sources */ = {isa = PBXBuildFile; fileRef = B481867B106BC3A200EAEE19 /* tjfabricgroup.cpp */; };
		B49776AA1097789400FA1B69 /* TinyXML.framework in Frameworks */ = {isa = PBXBuildFile; fileRef = B49776781097776300FA1B69 /* TinyXML.framework */; };
		B49776AB1097789400FA1B69 /* TJNP.framework in Frameworks */ = {isa = PBXBuildFile; fileRef = B49776841097776300FA1B69 /* TJNP.framework */; };
		B49776AD1097789400FA1B69 /* TJShared.framework in Frameworks */ = {isa = PBXBuildFile; fileRef = B49776931097776300FA1B69 /* TJShared.framework */; };
		B49776BA109778B900FA1B69 /* TJScript.framework in Frameworks */ = {isa = PBXBuildFile; fileRef = B49776B9109778B200FA1B69 /* TJScript.framework */; };
		B4CAAA6F10AD68C300385A5F /* EP.framework in Frameworks */ = {isa = PBXBuildFile; fileRef = B4CAAA6E10AD68BE00385A5F /* EP.framework */; };
		B4D0F24B106CB5530053A1BA /* tjfabricconnection.cpp in Sources */ = {isa = PBXBuildFile; fileRef = B4D0F24A106CB5530053A1BA /* tjfabricconnection.cpp */; };
/* End PBXBuildFile section */

/* Begin PBXContainerItemProxy section */
		B49776771097776300FA1B69 /* PBXContainerItemProxy */ = {
			isa = PBXContainerItemProxy;
			containerPortal = B49776611097776300FA1B69 /* TinyXMLFramework.xcodeproj */;
			proxyType = 2;
			remoteGlobalIDString = 8DC2EF5B0486A6940098B216;
			remoteInfo = TinyXMLFramework;
		};
		B49776831097776300FA1B69 /* PBXContainerItemProxy */ = {
			isa = PBXContainerItemProxy;
			containerPortal = B49776641097776300FA1B69 /* TJNPFramework.xcodeproj */;
			proxyType = 2;
			remoteGlobalIDString = 8DC2EF5B0486A6940098B216;
			remoteInfo = TJNPFramework;
		};
		B49776921097776300FA1B69 /* PBXContainerItemProxy */ = {
			isa = PBXContainerItemProxy;
			containerPortal = B497766A1097776300FA1B69 /* TJSharedFramework.xcodeproj */;
			proxyType = 2;
			remoteGlobalIDString = 8DC2EF5B0486A6940098B216;
			remoteInfo = TJSharedFramework;
		};
		B49776961097777800FA1B69 /* PBXContainerItemProxy */ = {
			isa = PBXContainerItemProxy;
			containerPortal = B49776611097776300FA1B69 /* TinyXMLFramework.xcodeproj */;
			proxyType = 1;
			remoteGlobalIDString = 8DC2EF4F0486A6940098B216;
			remoteInfo = TinyXMLFramework;
		};
		B49776981097777800FA1B69 /* PBXContainerItemProxy */ = {
			isa = PBXContainerItemProxy;
			containerPortal = B49776641097776300FA1B69 /* TJNPFramework.xcodeproj */;
			proxyType = 1;
			remoteGlobalIDString = 8DC2EF4F0486A6940098B216;
			remoteInfo = TJNPFramework;
		};
		B497769A1097777800FA1B69 /* PBXContainerItemProxy */ = {
			isa = PBXContainerItemProxy;
			containerPortal = B497766A1097776300FA1B69 /* TJSharedFramework.xcodeproj */;
			proxyType = 1;
			remoteGlobalIDString = 8DC2EF4F0486A6940098B216;
			remoteInfo = TJSharedFramework;
		};
		B49776B8109778B200FA1B69 /* PBXContainerItemProxy */ = {
			isa = PBXContainerItemProxy;
			containerPortal = B49776B0109778B200FA1B69 /* TJScriptFramework.xcodeproj */;
			proxyType = 2;
			remoteGlobalIDString = 8DC2EF5B0486A6940098B216;
			remoteInfo = TJScriptFramework;
		};
		B49776BB109778C000FA1B69 /* PBXContainerItemProxy */ = {
			isa = PBXContainerItemProxy;
			containerPortal = B49776B0109778B200FA1B69 /* TJScriptFramework.xcodeproj */;
			proxyType = 1;
			remoteGlobalIDString = 8DC2EF4F0486A6940098B216;
			remoteInfo = TJScriptFramework;
		};
		B4CAAA6D10AD68BE00385A5F /* PBXContainerItemProxy */ = {
			isa = PBXContainerItemProxy;
			containerPortal = B4CAAA6910AD68BE00385A5F /* EPFramework.xcodeproj */;
			proxyType = 2;
			remoteGlobalIDString = 8DC2EF5B0486A6940098B216;
			remoteInfo = EP;
		};
		B4CAAA7010AD68C900385A5F /* PBXContainerItemProxy */ = {
			isa = PBXContainerItemProxy;
			containerPortal = B4CAAA6910AD68BE00385A5F /* EPFramework.xcodeproj */;
			proxyType = 1;
			remoteGlobalIDString = 8DC2EF4F0486A6940098B216;
			remoteInfo = EP;
		};
/* End PBXContainerItemProxy section */

/* Begin PBXCopyFilesBuildPhase section */
		B4720F10108C6A23002DEC9F /* Copy Frameworks */ = {
			isa = PBXCopyFilesBuildPhase;
			buildActionMask = 2147483647;
			dstPath = "";
			dstSubfolderSpec = 10;
			files = (
			);
			name = "Copy Frameworks";
			runOnlyForDeploymentPostprocessing = 0;
		};
/* End PBXCopyFilesBuildPhase section */

/* Begin PBXFileReference section */
		8DD76F6C0486A84900D96B5E /* TJFabric */ = {isa = PBXFileReference; explicitFileType = "compiled.mach-o.executable"; includeInIndex = 0; path = TJFabric; sourceTree = BUILT_PRODUCTS_DIR; };
		B40225F71068E8E900137628 /* tjfabricmain.cpp */ = {isa = PBXFileReference; fileEncoding = 4; lastKnownFileType = sourcecode.cpp.cpp; name = tjfabricmain.cpp; path = src/tjfabricmain.cpp; sourceTree = "<group>"; };
		B40226091068E94000137628 /* tjfabric.h */ = {isa = PBXFileReference; fileEncoding = 4; lastKnownFileType = sourcecode.c.h; name = tjfabric.h; path = include/tjfabric.h; sourceTree = "<group>"; };
		B402260D1068ED8A00137628 /* tjfabric.cpp */ = {isa = PBXFileReference; fileEncoding = 4; lastKnownFileType = sourcecode.cpp.cpp; name = tjfabric.cpp; path = src/tjfabric.cpp; sourceTree = "<group>"; };
		B40226151068EF7A00137628 /* tjfabricengine.h */ = {isa = PBXFileReference; fileEncoding = 4; lastKnownFileType = sourcecode.c.h; name = tjfabricengine.h; path = include/tjfabricengine.h; sourceTree = "<group>"; };
		B40226171068EF8700137628 /* tjfabricengine.cpp */ = {isa = PBXFileReference; fileEncoding = 4; lastKnownFileType = sourcecode.cpp.cpp; name = tjfabricengine.cpp; path = src/tjfabricengine.cpp; sourceTree = "<group>"; };
		B40226C61069149100137628 /* tjfabricrule.h */ = {isa = PBXFileReference; fileEncoding = 4; lastKnownFileType = sourcecode.c.h; name = tjfabricrule.h; path = include/tjfabricrule.h; sourceTree = "<group>"; };
		B40226C71069151B00137628 /* tjfabricrule.cpp */ = {isa = PBXFileReference; fileEncoding = 4; lastKnownFileType = sourcecode.cpp.cpp; name = tjfabricrule.cpp; path = src/tjfabricrule.cpp; sourceTree = "<group>"; };
		B40227AF106930CA00137628 /* tjfabricqueue.h */ = {isa = PBXFileReference; fileEncoding = 4; lastKnownFileType = sourcecode.c.h; name = tjfabricqueue.h; path = include/tjfabricqueue.h; sourceTree = "<group>"; };
		B40227B11069316500137628 /* tjfabricqueue.cpp */ = {isa = PBXFileReference; fileEncoding = 4; lastKnownFileType = sourcecode.cpp.cpp; name = tjfabricqueue.cpp; path = src/tjfabricqueue.cpp; sourceTree = "<group>"; };
		B40229A2106963E300137628 /* tjfabricmessagescriptable.h */ = {isa = PBXFileReference; fileEncoding = 4; lastKnownFileType = sourcecode.c.h; name = tjfabricmessagescriptable.h; path = include/tjfabricmessagescriptable.h; sourceTree = "<group>"; };
		B40229A31069653500137628 /* tjfabricmessagescriptable.cpp */ = {isa = PBXFileReference; fileEncoding = 4; lastKnownFileType = sourcecode.cpp.cpp; name = tjfabricmessagescriptable.cpp; path = src/tjfabricmessagescriptable.cpp; sourceTree = "<group>"; };
		B423B7EE106E0DFC00147974 /* tjfabricutil.h */ = {isa = PBXFileReference; fileEncoding = 4; lastKnownFileType = sourcecode.c.h; name = tjfabricutil.h; path = include/tjfabricutil.h; sourceTree = "<group>"; };
		B423B7F0106E0E4200147974 /* tjfabricutil.cpp */ = {isa = PBXFileReference; fileEncoding = 4; lastKnownFileType = sourcecode.cpp.cpp; name = tjfabricutil.cpp; path = src/tjfabricutil.cpp; sourceTree = "<group>"; };
		B47B74CA10AB5B110031263D /* tjfabricscriptables.cpp */ = {isa = PBXFileReference; fileEncoding = 4; lastKnownFileType = sourcecode.cpp.cpp; name = tjfabricscriptables.cpp; path = src/tjfabricscriptables.cpp; sourceTree = "<group>"; };
		B47B74CC10AB5B1B0031263D /* tjfabricscriptables.h */ = {isa = PBXFileReference; fileEncoding = 4; lastKnownFileType = sourcecode.c.h; name = tjfabricscriptables.h; path = include/tjfabricscriptables.h; sourceTree = "<group>"; };
		B4818676106BC29100EAEE19 /* tjfabricgroup.h */ = {isa = PBXFileReference; fileEncoding = 4; lastKnownFileType = sourcecode.c.h; name = tjfabricgroup.h; path = include/tjfabricgroup.h; sourceTree = "<group>"; };
		B481867B106BC3A200EAEE19 /* tjfabricgroup.cpp */ = {isa = PBXFileReference; fileEncoding = 4; lastKnownFileType = sourcecode.cpp.cpp; name = tjfabricgroup.cpp; path = src/tjfabricgroup.cpp; sourceTree = "<group>"; };
		B49776611097776300FA1B69 /* TinyXMLFramework.xcodeproj */ = {isa = PBXFileReference; lastKnownFileType = "wrapper.pb-project"; name = TinyXMLFramework.xcodeproj; path = ../../Libraries/TinyXML/TinyXMLFramework.xcodeproj; sourceTree = SOURCE_ROOT; };
		B49776641097776300FA1B69 /* TJNPFramework.xcodeproj */ = {isa = PBXFileReference; lastKnownFileType = "wrapper.pb-project"; name = TJNPFramework.xcodeproj; path = ../../TJNP/TJNPFramework.xcodeproj; sourceTree = SOURCE_ROOT; };
		B497766A1097776300FA1B69 /* TJSharedFramework.xcodeproj */ = {isa = PBXFileReference; lastKnownFileType = "wrapper.pb-project"; name = TJSharedFramework.xcodeproj; path = ../../TJShared/TJSharedFramework.xcodeproj; sourceTree = SOURCE_ROOT; };
		B49776B0109778B200FA1B69 /* TJScriptFramework.xcodeproj */ = {isa = PBXFileReference; lastKnownFileType = "wrapper.pb-project"; name = TJScriptFramework.xcodeproj; path = ../../TJScript/TJScriptFramework.xcodeproj; sourceTree = SOURCE_ROOT; };
		B4CAAA6910AD68BE00385A5F /* EPFramework.xcodeproj */ = {isa = PBXFileReference; lastKnownFileType = "wrapper.pb-project"; name = EPFramework.xcodeproj; path = ../EP/EPFramework.xcodeproj; sourceTree = SOURCE_ROOT; };
		B4D0F249106CB3FB0053A1BA /* tjfabricconnection.h */ = {isa = PBXFileReference; fileEncoding = 4; lastKnownFileType = sourcecode.c.h; name = tjfabricconnection.h; path = include/tjfabricconnection.h; sourceTree = "<group>"; };
		B4D0F24A106CB5530053A1BA /* tjfabricconnection.cpp */ = {isa = PBXFileReference; fileEncoding = 4; lastKnownFileType = sourcecode.cpp.cpp; name = tjfabricconnection.cpp; path = src/tjfabricconnection.cpp; sourceTree = "<group>"; };
/* End PBXFileReference section */

/* Begin PBXFrameworksBuildPhase section */
		8DD76F660486A84900D96B5E /* Frameworks */ = {
			isa = PBXFrameworksBuildPhase;
			buildActionMask = 2147483647;
			files = (
				B4CAAA6F10AD68C300385A5F /* EP.framework in Frameworks */,
				B49776BA109778B900FA1B69 /* TJScript.framework in Frameworks */,
				B49776AA1097789400FA1B69 /* TinyXML.framework in Frameworks */,
				B49776AB1097789400FA1B69 /* TJNP.framework in Frameworks */,
				B49776AD1097789400FA1B69 /* TJShared.framework in Frameworks */,
			);
			runOnlyForDeploymentPostprocessing = 0;
		};
/* End PBXFrameworksBuildPhase section */

/* Begin PBXGroup section */
		08FB7794FE84155DC02AAC07 /* TJFabric */ = {
			isa = PBXGroup;
			children = (
				B4CAAA6910AD68BE00385A5F /* EPFramework.xcodeproj */,
				B49776B0109778B200FA1B69 /* TJScriptFramework.xcodeproj */,
				B49776611097776300FA1B69 /* TinyXMLFramework.xcodeproj */,
				B49776641097776300FA1B69 /* TJNPFramework.xcodeproj */,
				B497766A1097776300FA1B69 /* TJSharedFramework.xcodeproj */,
				B40225F61068E8D600137628 /* include */,
				B40225F51068E8D200137628 /* src */,
				1AB674ADFE9D54B511CA2CBB /* Products */,
			);
			name = TJFabric;
			sourceTree = "<group>";
		};
		1AB674ADFE9D54B511CA2CBB /* Products */ = {
			isa = PBXGroup;
			children = (
				8DD76F6C0486A84900D96B5E /* TJFabric */,
			);
			name = Products;
			sourceTree = "<group>";
		};
		B40225F51068E8D200137628 /* src */ = {
			isa = PBXGroup;
			children = (
				B40225F71068E8E900137628 /* tjfabricmain.cpp */,
				B402260D1068ED8A00137628 /* tjfabric.cpp */,
				B40226171068EF8700137628 /* tjfabricengine.cpp */,
				B40226C71069151B00137628 /* tjfabricrule.cpp */,
				B40227B11069316500137628 /* tjfabricqueue.cpp */,
				B40229A31069653500137628 /* tjfabricmessagescriptable.cpp */,
				B481867B106BC3A200EAEE19 /* tjfabricgroup.cpp */,
				B4D0F24A106CB5530053A1BA /* tjfabricconnection.cpp */,
				B423B7F0106E0E4200147974 /* tjfabricutil.cpp */,
				B47B74CA10AB5B110031263D /* tjfabricscriptables.cpp */,
			);
			name = src;
			sourceTree = "<group>";
		};
		B40225F61068E8D600137628 /* include */ = {
			isa = PBXGroup;
			children = (
				B40226091068E94000137628 /* tjfabric.h */,
				B40226151068EF7A00137628 /* tjfabricengine.h */,
				B40226C61069149100137628 /* tjfabricrule.h */,
				B40227AF106930CA00137628 /* tjfabricqueue.h */,
				B40229A2106963E300137628 /* tjfabricmessagescriptable.h */,
				B4818676106BC29100EAEE19 /* tjfabricgroup.h */,
				B4D0F249106CB3FB0053A1BA /* tjfabricconnection.h */,
				B423B7EE106E0DFC00147974 /* tjfabricutil.h */,
				B47B74CC10AB5B1B0031263D /* tjfabricscriptables.h */,
			);
			name = include;
			sourceTree = "<group>";
		};
		B49776621097776300FA1B69 /* Products */ = {
			isa = PBXGroup;
			children = (
				B49776781097776300FA1B69 /* TinyXML.framework */,
			);
			name = Products;
			sourceTree = "<group>";
		};
		B49776651097776300FA1B69 /* Products */ = {
			isa = PBXGroup;
			children = (
				B49776841097776300FA1B69 /* TJNP.framework */,
			);
			name = Products;
			sourceTree = "<group>";
		};
		B497766B1097776300FA1B69 /* Products */ = {
			isa = PBXGroup;
			children = (
				B49776931097776300FA1B69 /* TJShared.framework */,
			);
			name = Products;
			sourceTree = "<group>";
		};
		B49776B1109778B200FA1B69 /* Products */ = {
			isa = PBXGroup;
			children = (
				B49776B9109778B200FA1B69 /* TJScript.framework */,
			);
			name = Products;
			sourceTree = "<group>";
		};
		B4CAAA6A10AD68BE00385A5F /* Products */ = {
			isa = PBXGroup;
			children = (
				B4CAAA6E10AD68BE00385A5F /* EP.framework */,
			);
			name = Products;
			sourceTree = "<group>";
		};
/* End PBXGroup section */

/* Begin PBXNativeTarget section */
		8DD76F620486A84900D96B5E /* TJFabric */ = {
			isa = PBXNativeTarget;
			buildConfigurationList = 1DEB923108733DC60010E9CD /* Build configuration list for PBXNativeTarget "TJFabric" */;
			buildPhases = (
				B4720F10108C6A23002DEC9F /* Copy Frameworks */,
				8DD76F640486A84900D96B5E /* Sources */,
				8DD76F660486A84900D96B5E /* Frameworks */,
			);
			buildRules = (
			);
			dependencies = (
				B49776971097777800FA1B69 /* PBXTargetDependency */,
				B49776991097777800FA1B69 /* PBXTargetDependency */,
				B497769B1097777800FA1B69 /* PBXTargetDependency */,
				B49776BC109778C000FA1B69 /* PBXTargetDependency */,
				B4CAAA7110AD68C900385A5F /* PBXTargetDependency */,
			);
			name = TJFabric;
			productInstallPath = "$(HOME)/bin";
			productName = TJFabric;
			productReference = 8DD76F6C0486A84900D96B5E /* TJFabric */;
			productType = "com.apple.product-type.tool";
		};
/* End PBXNativeTarget section */

/* Begin PBXProject section */
		08FB7793FE84155DC02AAC07 /* Project object */ = {
			isa = PBXProject;
			buildConfigurationList = 1DEB923508733DC60010E9CD /* Build configuration list for PBXProject "TJFabric" */;
			compatibilityVersion = "Xcode 3.1";
			hasScannedForEncodings = 1;
			mainGroup = 08FB7794FE84155DC02AAC07 /* TJFabric */;
			projectDirPath = "";
			projectReferences = (
				{
					ProductGroup = B4CAAA6A10AD68BE00385A5F /* Products */;
					ProjectRef = B4CAAA6910AD68BE00385A5F /* EPFramework.xcodeproj */;
				},
				{
					ProductGroup = B49776621097776300FA1B69 /* Products */;
					ProjectRef = B49776611097776300FA1B69 /* TinyXMLFramework.xcodeproj */;
				},
				{
					ProductGroup = B49776651097776300FA1B69 /* Products */;
					ProjectRef = B49776641097776300FA1B69 /* TJNPFramework.xcodeproj */;
				},
				{
					ProductGroup = B49776B1109778B200FA1B69 /* Products */;
					ProjectRef = B49776B0109778B200FA1B69 /* TJScriptFramework.xcodeproj */;
				},
				{
					ProductGroup = B497766B1097776300FA1B69 /* Products */;
					ProjectRef = B497766A1097776300FA1B69 /* TJSharedFramework.xcodeproj */;
				},
			);
			projectRoot = "";
			targets = (
				8DD76F620486A84900D96B5E /* TJFabric */,
			);
		};
/* End PBXProject section */

/* Begin PBXReferenceProxy section */
		B49776781097776300FA1B69 /* TinyXML.framework */ = {
			isa = PBXReferenceProxy;
			fileType = wrapper.framework;
			path = TinyXML.framework;
			remoteRef = B49776771097776300FA1B69 /* PBXContainerItemProxy */;
			sourceTree = BUILT_PRODUCTS_DIR;
		};
		B49776841097776300FA1B69 /* TJNP.framework */ = {
			isa = PBXReferenceProxy;
			fileType = wrapper.framework;
			path = TJNP.framework;
			remoteRef = B49776831097776300FA1B69 /* PBXContainerItemProxy */;
			sourceTree = BUILT_PRODUCTS_DIR;
		};
		B49776931097776300FA1B69 /* TJShared.framework */ = {
			isa = PBXReferenceProxy;
			fileType = wrapper.framework;
			path = TJShared.framework;
			remoteRef = B49776921097776300FA1B69 /* PBXContainerItemProxy */;
			sourceTree = BUILT_PRODUCTS_DIR;
		};
		B49776B9109778B200FA1B69 /* TJScript.framework */ = {
			isa = PBXReferenceProxy;
			fileType = wrapper.framework;
			path = TJScript.framework;
			remoteRef = B49776B8109778B200FA1B69 /* PBXContainerItemProxy */;
			sourceTree = BUILT_PRODUCTS_DIR;
		};
		B4CAAA6E10AD68BE00385A5F /* EP.framework */ = {
			isa = PBXReferenceProxy;
			fileType = wrapper.framework;
			path = EP.framework;
			remoteRef = B4CAAA6D10AD68BE00385A5F /* PBXContainerItemProxy */;
			sourceTree = BUILT_PRODUCTS_DIR;
		};
/* End PBXReferenceProxy section */

/* Begin PBXSourcesBuildPhase section */
		8DD76F640486A84900D96B5E /* Sources */ = {
			isa = PBXSourcesBuildPhase;
			buildActionMask = 2147483647;
			files = (
				B40225F81068E8E900137628 /* tjfabricmain.cpp in Sources */,
				B402260E1068ED8A00137628 /* tjfabric.cpp in Sources */,
				B40226181068EF8700137628 /* tjfabricengine.cpp in Sources */,
				B40226C81069151B00137628 /* tjfabricrule.cpp in Sources */,
				B40227B21069316500137628 /* tjfabricqueue.cpp in Sources */,
				B40229A41069653500137628 /* tjfabricmessagescriptable.cpp in Sources */,
				B481867C106BC3A200EAEE19 /* tjfabricgroup.cpp in Sources */,
				B4D0F24B106CB5530053A1BA /* tjfabricconnection.cpp in Sources */,
				B423B7F1106E0E4200147974 /* tjfabricutil.cpp in Sources */,
				B47B74CB10AB5B110031263D /* tjfabricscriptables.cpp in Sources */,
			);
			runOnlyForDeploymentPostprocessing = 0;
		};
/* End PBXSourcesBuildPhase section */

/* Begin PBXTargetDependency section */
		B49776971097777800FA1B69 /* PBXTargetDependency */ = {
			isa = PBXTargetDependency;
			name = TinyXMLFramework;
			targetProxy = B49776961097777800FA1B69 /* PBXContainerItemProxy */;
		};
		B49776991097777800FA1B69 /* PBXTargetDependency */ = {
			isa = PBXTargetDependency;
			name = TJNPFramework;
			targetProxy = B49776981097777800FA1B69 /* PBXContainerItemProxy */;
		};
		B497769B1097777800FA1B69 /* PBXTargetDependency */ = {
			isa = PBXTargetDependency;
			name = TJSharedFramework;
			targetProxy = B497769A1097777800FA1B69 /* PBXContainerItemProxy */;
		};
		B49776BC109778C000FA1B69 /* PBXTargetDependency */ = {
			isa = PBXTargetDependency;
			name = TJScriptFramework;
			targetProxy = B49776BB109778C000FA1B69 /* PBXContainerItemProxy */;
		};
		B4CAAA7110AD68C900385A5F /* PBXTargetDependency */ = {
			isa = PBXTargetDependency;
			name = EP;
			targetProxy = B4CAAA7010AD68C900385A5F /* PBXContainerItemProxy */;
		};
/* End PBXTargetDependency section */

/* Begin XCBuildConfiguration section */
		1DEB923208733DC60010E9CD /* Debug */ = {
			isa = XCBuildConfiguration;
			buildSettings = {
				ALWAYS_SEARCH_USER_PATHS = NO;
				COPY_PHASE_STRIP = NO;
				GCC_DYNAMIC_NO_PIC = NO;
				GCC_ENABLE_FIX_AND_CONTINUE = YES;
				GCC_MODEL_TUNING = G5;
				GCC_OPTIMIZATION_LEVEL = 0;
				GCC_PREPROCESSOR_DEFINITIONS = (
					"_GLIBCXX_DEBUG=1",
					"_GLIBCXX_DEBUG_PEDANTIC=1",
				);
				INSTALL_PATH = /usr/local/bin;
				PRODUCT_NAME = TJFabric;
				SYMROOT = ../build;
			};
			name = Debug;
		};
		1DEB923308733DC60010E9CD /* Release */ = {
			isa = XCBuildConfiguration;
			buildSettings = {
				ALWAYS_SEARCH_USER_PATHS = NO;
				DEBUG_INFORMATION_FORMAT = "dwarf-with-dsym";
				FRAMEWORK_SEARCH_PATHS = "";
				GCC_MODEL_TUNING = G5;
				INSTALL_PATH = .;
				PRODUCT_NAME = TJFabric;
				SYMROOT = ../../build;
			};
			name = Release;
		};
		1DEB923608733DC60010E9CD /* Debug */ = {
			isa = XCBuildConfiguration;
			buildSettings = {
				ARCHS = "$(ARCHS_STANDARD_32_64_BIT)";
				GCC_C_LANGUAGE_STANDARD = gnu99;
				GCC_OPTIMIZATION_LEVEL = 0;
				GCC_WARN_ABOUT_RETURN_TYPE = YES;
				GCC_WARN_UNUSED_VARIABLE = YES;
				ONLY_ACTIVE_ARCH = YES;
				PREBINDING = NO;
				SDKROOT = macosx10.6;
			};
			name = Debug;
		};
		1DEB923708733DC60010E9CD /* Release */ = {
			isa = XCBuildConfiguration;
			buildSettings = {
				ARCHS = "$(ARCHS_STANDARD_32_64_BIT)";
				GCC_C_LANGUAGE_STANDARD = gnu99;
				GCC_WARN_ABOUT_RETURN_TYPE = YES;
				GCC_WARN_UNUSED_VARIABLE = YES;
				PREBINDING = NO;
				SDKROOT = macosx10.6;
				SYMROOT = ../../build;
			};
			name = Release;
		};
/* End XCBuildConfiguration section */

/* Begin XCConfigurationList section */
		1DEB923108733DC60010E9CD /* Build configuration list for PBXNativeTarget "TJFabric" */ = {
			isa = XCConfigurationList;
			buildConfigurations = (
				1DEB923208733DC60010E9CD /* Debug */,
				1DEB923308733DC60010E9CD /* Release */,
			);
			defaultConfigurationIsVisible = 0;
			defaultConfigurationName = Release;
		};
		1DEB923508733DC60010E9CD /* Build configuration list for PBXProject "TJFabric" */ = {
			isa = XCConfigurationList;
			buildConfigurations = (
				1DEB923608733DC60010E9CD /* Debug */,
				1DEB923708733DC60010E9CD /* Release */,
			);
			defaultConfigurationIsVisible = 0;
			defaultConfigurationName = Release;
		};
/* End XCConfigurationList section */
	};
	rootObject = 08FB7793FE84155DC02AAC07 /* Project object */;
}
